// !$*UTF8*$!
{
	archiveVersion = 1;
	classes = {
	};
	objectVersion = 50;
	objects = {

/* Begin PBXBuildFile section */
		7F0F60A9246CB45300F4C52C /* InfoVC.swift in Sources */ = {isa = PBXBuildFile; fileRef = 7F0F60A8246CB45300F4C52C /* InfoVC.swift */; };
		7F13F686248CAE9300E7F439 /* FramesVC+ScoreboardVCFrameAdderDelegate.swift in Sources */ = {isa = PBXBuildFile; fileRef = 7F13F685248CAE9300E7F439 /* FramesVC+ScoreboardVCFrameAdderDelegate.swift */; };
		7F158C89246A902100AF1D38 /* ScoreboardStackView.swift in Sources */ = {isa = PBXBuildFile; fileRef = 7F158C88246A902100AF1D38 /* ScoreboardStackView.swift */; };
		7F26984A246E1B1500AD60B6 /* ScoreboardVC+PointsAdderVCDelegate.swift in Sources */ = {isa = PBXBuildFile; fileRef = 7F269849246E1B1500AD60B6 /* ScoreboardVC+PointsAdderVCDelegate.swift */; };
		7F26984C246E517000AD60B6 /* ScoreboardVC+funcModelUpdaters.swift in Sources */ = {isa = PBXBuildFile; fileRef = 7F26984B246E517000AD60B6 /* ScoreboardVC+funcModelUpdaters.swift */; };
		7F320872247DE6B200FC1782 /* FramesVC+funcCB.swift in Sources */ = {isa = PBXBuildFile; fileRef = 7F320871247DE6B200FC1782 /* FramesVC+funcCB.swift */; };
		7F39EF85246BDA0700ABB703 /* ScoreboardVC+funcViewUpdaters.swift in Sources */ = {isa = PBXBuildFile; fileRef = 7F39EF84246BDA0700ABB703 /* ScoreboardVC+funcViewUpdaters.swift */; };
		7F39EF87246BDB5200ABB703 /* ResetButton.swift in Sources */ = {isa = PBXBuildFile; fileRef = 7F39EF86246BDB5200ABB703 /* ResetButton.swift */; };
		7F3E932F246781AE0067B891 /* UIView+.swift in Sources */ = {isa = PBXBuildFile; fileRef = 7F3E932E246781AE0067B891 /* UIView+.swift */; };
		7F3EA39A247DB0FB0053BF12 /* ScoreboardVC+funcCB.swift in Sources */ = {isa = PBXBuildFile; fileRef = 7F3EA399247DB0FB0053BF12 /* ScoreboardVC+funcCB.swift */; };
		7F46E1E72477919F002712A8 /* ConnectVC+funcModelUpdaters.swift in Sources */ = {isa = PBXBuildFile; fileRef = 7F46E1E62477919F002712A8 /* ConnectVC+funcModelUpdaters.swift */; };
		7F46E1E9247791D6002712A8 /* ConnectVC+funcViewUpdaters.swift in Sources */ = {isa = PBXBuildFile; fileRef = 7F46E1E8247791D6002712A8 /* ConnectVC+funcViewUpdaters.swift */; };
		7F46E1EC2477B354002712A8 /* MeWhichPlayerView.swift in Sources */ = {isa = PBXBuildFile; fileRef = 7F46E1EB2477B354002712A8 /* MeWhichPlayerView.swift */; };
		7F4991CA247B806900CCAFB6 /* ConnectVC+CBPeripheralDelegate.swift in Sources */ = {isa = PBXBuildFile; fileRef = 7F4991C9247B806900CCAFB6 /* ConnectVC+CBPeripheralDelegate.swift */; };
		7F4A3223246A59D700BE7F97 /* SNKAlertVC.swift in Sources */ = {isa = PBXBuildFile; fileRef = 7F4A3222246A59D700BE7F97 /* SNKAlertVC.swift */; };
		7F4A3225246A666F00BE7F97 /* ScoreboardVC+UITextViewDelegate.swift in Sources */ = {isa = PBXBuildFile; fileRef = 7F4A3224246A666F00BE7F97 /* ScoreboardVC+UITextViewDelegate.swift */; };
		7F4B89232486F7870099EDEB /* SnookersVC.swift in Sources */ = {isa = PBXBuildFile; fileRef = 7F4B89222486F7870099EDEB /* SnookersVC.swift */; };
		7F4B892624875DB90099EDEB /* SNKNumberTextField.swift in Sources */ = {isa = PBXBuildFile; fileRef = 7F4B892524875DB90099EDEB /* SNKNumberTextField.swift */; };
		7F4B8929248766930099EDEB /* UIViewController+.swift in Sources */ = {isa = PBXBuildFile; fileRef = 7F4B8928248766930099EDEB /* UIViewController+.swift */; };
		7F4B892B248776DE0099EDEB /* SnookersTitleVC.swift in Sources */ = {isa = PBXBuildFile; fileRef = 7F4B892A248776DE0099EDEB /* SnookersTitleVC.swift */; };
		7F4B892D248776F20099EDEB /* SnookersDifVC.swift in Sources */ = {isa = PBXBuildFile; fileRef = 7F4B892C248776F20099EDEB /* SnookersDifVC.swift */; };
		7F4B892F248777030099EDEB /* SnookersBallsVC.swift in Sources */ = {isa = PBXBuildFile; fileRef = 7F4B892E248777030099EDEB /* SnookersBallsVC.swift */; };
		7F4BF460246DE33A009B2E78 /* SNKXButton.swift in Sources */ = {isa = PBXBuildFile; fileRef = 7F4BF45F246DE33A009B2E78 /* SNKXButton.swift */; };
		7F4BF463246DFFC3009B2E78 /* PointsAdderVC+PointsAdderNumberPadViewDelegate.swift in Sources */ = {isa = PBXBuildFile; fileRef = 7F4BF462246DFFC3009B2E78 /* PointsAdderVC+PointsAdderNumberPadViewDelegate.swift */; };
		7F52C2CE2468BC5500C76C1E /* ScoreInfoView.swift in Sources */ = {isa = PBXBuildFile; fileRef = 7F52C2CD2468BC5500C76C1E /* ScoreInfoView.swift */; };
		7F52C2D12468BCC000C76C1E /* ScoreButtonsView.swift in Sources */ = {isa = PBXBuildFile; fileRef = 7F52C2D02468BCC000C76C1E /* ScoreButtonsView.swift */; };
		7F52C2D32468BE0300C76C1E /* SNKPlayerNamesView.swift in Sources */ = {isa = PBXBuildFile; fileRef = 7F52C2D22468BE0300C76C1E /* SNKPlayerNamesView.swift */; };
		7F54D509247CC63800F4285E /* ConnectVC+funcUpdaters.swift in Sources */ = {isa = PBXBuildFile; fileRef = 7F54D508247CC63800F4285E /* ConnectVC+funcUpdaters.swift */; };
		7F54D50F247D0FAD00F4285E /* ConnectVC+funcCBPersistence.swift in Sources */ = {isa = PBXBuildFile; fileRef = 7F54D50E247D0FAD00F4285E /* ConnectVC+funcCBPersistence.swift */; };
		7F56226F247723DE00458193 /* ConnectVC+UITextViewDelegate.swift in Sources */ = {isa = PBXBuildFile; fileRef = 7F56226E247723DE00458193 /* ConnectVC+UITextViewDelegate.swift */; };
		7F56227324774D3A00458193 /* SNKView.swift in Sources */ = {isa = PBXBuildFile; fileRef = 7F56227224774D3A00458193 /* SNKView.swift */; };
		7F56227524776E1800458193 /* NotificationName+.swift in Sources */ = {isa = PBXBuildFile; fileRef = 7F56227424776E1800458193 /* NotificationName+.swift */; };
		7F56D6B3247A0A51006807E6 /* ConnectVC+MeWhichPlayerViewDelegate.swift in Sources */ = {isa = PBXBuildFile; fileRef = 7F56D6B2247A0A51006807E6 /* ConnectVC+MeWhichPlayerViewDelegate.swift */; };
		7F5D8EF4248871E800F66B70 /* SnookersVC+SnookersDifVCDelegate.swift in Sources */ = {isa = PBXBuildFile; fileRef = 7F5D8EF3248871E800F66B70 /* SnookersVC+SnookersDifVCDelegate.swift */; };
		7F6AE51D2468C5F300767F7C /* UndoButtonsView.swift in Sources */ = {isa = PBXBuildFile; fileRef = 7F6AE51C2468C5F300767F7C /* UndoButtonsView.swift */; };
		7F6AE52124690BA000767F7C /* UIStackView+.swift in Sources */ = {isa = PBXBuildFile; fileRef = 7F6AE52024690BA000767F7C /* UIStackView+.swift */; };
		7F6AE52324690F9800767F7C /* SNKSeparatorView.swift in Sources */ = {isa = PBXBuildFile; fileRef = 7F6AE52224690F9800767F7C /* SNKSeparatorView.swift */; };
		7F6AE526246931DD00767F7C /* SNKTextView.swift in Sources */ = {isa = PBXBuildFile; fileRef = 7F6AE525246931DD00767F7C /* SNKTextView.swift */; };
		7F732503247B1C710034F275 /* ConnectVC+CBCentralManagerDelegate.swift in Sources */ = {isa = PBXBuildFile; fileRef = 7F732502247B1C710034F275 /* ConnectVC+CBCentralManagerDelegate.swift */; };
		7F732505247B24900034F275 /* ConnectVC+funcCB.swift in Sources */ = {isa = PBXBuildFile; fileRef = 7F732504247B24900034F275 /* ConnectVC+funcCB.swift */; };
		7F732507247B35AC0034F275 /* ConnectVC+CBPeripheralManagerDelegate.swift in Sources */ = {isa = PBXBuildFile; fileRef = 7F732506247B35AC0034F275 /* ConnectVC+CBPeripheralManagerDelegate.swift */; };
		7F74D7892475DAE40081F8AF /* ConnectVC.swift in Sources */ = {isa = PBXBuildFile; fileRef = 7F74D7882475DAE40081F8AF /* ConnectVC.swift */; };
		7F77796C24849D8900F29350 /* WinButton.swift in Sources */ = {isa = PBXBuildFile; fileRef = 7F77796B24849D8900F29350 /* WinButton.swift */; };
		7F7779722484A80A00F29350 /* ScoreResetAlertVC.swift in Sources */ = {isa = PBXBuildFile; fileRef = 7F7779712484A80A00F29350 /* ScoreResetAlertVC.swift */; };
		7F79AFBE2478EC18001321E9 /* ConnectButton.swift in Sources */ = {isa = PBXBuildFile; fileRef = 7F79AFBD2478EC18001321E9 /* ConnectButton.swift */; };
		7F8FAD6924733BBB005C550D /* FramesVC.swift in Sources */ = {isa = PBXBuildFile; fileRef = 7F8FAD6824733BBB005C550D /* FramesVC.swift */; };
		7F94A53E247E304A00727967 /* ConnectVC+ConnectButtonDelegates.swift in Sources */ = {isa = PBXBuildFile; fileRef = 7F94A53D247E304A00727967 /* ConnectVC+ConnectButtonDelegates.swift */; };
		7F94A540247E31C600727967 /* DisconnectAlertVC.swift in Sources */ = {isa = PBXBuildFile; fileRef = 7F94A53F247E31C600727967 /* DisconnectAlertVC.swift */; };
		7FA4006F247389540013AE2C /* FramesWonView.swift in Sources */ = {isa = PBXBuildFile; fileRef = 7FA4006E247389540013AE2C /* FramesWonView.swift */; };
		7FA4B06C247F0E70003CDD64 /* ConnectInstructionTextView.swift in Sources */ = {isa = PBXBuildFile; fileRef = 7FA4B06B247F0E70003CDD64 /* ConnectInstructionTextView.swift */; };
		7FA4B070247F2507003CDD64 /* ConnectVC+UITextFieldDelegateAnd.swift in Sources */ = {isa = PBXBuildFile; fileRef = 7FA4B06F247F2507003CDD64 /* ConnectVC+UITextFieldDelegateAnd.swift */; };
		7FA4B072247F4459003CDD64 /* ConnectedTextView.swift in Sources */ = {isa = PBXBuildFile; fileRef = 7FA4B071247F4459003CDD64 /* ConnectedTextView.swift */; };
		7FA5A22B2473363000B9D72C /* TabBarVC.swift in Sources */ = {isa = PBXBuildFile; fileRef = 7FA5A22A2473363000B9D72C /* TabBarVC.swift */; };
		7FACBEC3246CC437004E9137 /* PointsAdderVC.swift in Sources */ = {isa = PBXBuildFile; fileRef = 7FACBEC2246CC437004E9137 /* PointsAdderVC.swift */; };
		7FACBEC6246CE753004E9137 /* PointsAdderHeaderView.swift in Sources */ = {isa = PBXBuildFile; fileRef = 7FACBEC5246CE753004E9137 /* PointsAdderHeaderView.swift */; };
		7FACBEC8246CF01C004E9137 /* PointsAdderNumberPadView.swift in Sources */ = {isa = PBXBuildFile; fileRef = 7FACBEC7246CF01C004E9137 /* PointsAdderNumberPadView.swift */; };
		7FACBECD246D274D004E9137 /* SNKNumberPadButton.swift in Sources */ = {isa = PBXBuildFile; fileRef = 7FACBECC246D274D004E9137 /* SNKNumberPadButton.swift */; };
		7FB848CC247CB8480004B144 /* SNKcbData.swift in Sources */ = {isa = PBXBuildFile; fileRef = 7FB848CB247CB8480004B144 /* SNKcbData.swift */; };
		7FC2ADCD24738EAD00C69541 /* FramesWonButtonsView.swift in Sources */ = {isa = PBXBuildFile; fileRef = 7FC2ADCC24738EAD00C69541 /* FramesWonButtonsView.swift */; };
		7FCB0F81246BDE2F00562636 /* ScoreboardVC+ResetDelegates.swift in Sources */ = {isa = PBXBuildFile; fileRef = 7FCB0F80246BDE2F00562636 /* ScoreboardVC+ResetDelegates.swift */; };
		7FD2BC00246BE47300C44D26 /* ScoreboardVC+funcPersistence.swift in Sources */ = {isa = PBXBuildFile; fileRef = 7FD2BBFF246BE47300C44D26 /* ScoreboardVC+funcPersistence.swift */; };
		7FD4E6C424765F1C008EC198 /* ResetAlertVC.swift in Sources */ = {isa = PBXBuildFile; fileRef = 7FD4E6C324765F1C008EC198 /* ResetAlertVC.swift */; };
		7FDD3DD12473915100292402 /* FramesVC+funcViewUpdaters.swift in Sources */ = {isa = PBXBuildFile; fileRef = 7FDD3DD02473915100292402 /* FramesVC+funcViewUpdaters.swift */; };
		7FDD3DD3247393EB00292402 /* FramesResetButton.swift in Sources */ = {isa = PBXBuildFile; fileRef = 7FDD3DD2247393EB00292402 /* FramesResetButton.swift */; };
		7FDD3DD5247394DA00292402 /* FramesVC+ResetDelegates.swift in Sources */ = {isa = PBXBuildFile; fileRef = 7FDD3DD4247394DA00292402 /* FramesVC+ResetDelegates.swift */; };
		7FDD3DD72473A71000292402 /* FramesVC+FramesWonButtonsViewDelegate.swift in Sources */ = {isa = PBXBuildFile; fileRef = 7FDD3DD62473A71000292402 /* FramesVC+FramesWonButtonsViewDelegate.swift */; };
		7FDD3DD92473ACF900292402 /* FramesVC+funcPersistence.swift in Sources */ = {isa = PBXBuildFile; fileRef = 7FDD3DD82473ACF900292402 /* FramesVC+funcPersistence.swift */; };
		7FDD3DDB2473B8A900292402 /* FramesVC+UITextViewDelegate.swift in Sources */ = {isa = PBXBuildFile; fileRef = 7FDD3DDA2473B8A900292402 /* FramesVC+UITextViewDelegate.swift */; };
		7FE085CB246B8FCD00AB5010 /* ScoreboardVC+ScoreButtonsViewDelegate.swift in Sources */ = {isa = PBXBuildFile; fileRef = 7FE085CA246B8FCD00AB5010 /* ScoreboardVC+ScoreButtonsViewDelegate.swift */; };
		7FE085CD246BBEBE00AB5010 /* ScoreboardVC+UndoButtonsViewDelegate.swift in Sources */ = {isa = PBXBuildFile; fileRef = 7FE085CC246BBEBE00AB5010 /* ScoreboardVC+UndoButtonsViewDelegate.swift */; };
		7FE4A2B62477818C00BCBFF6 /* FramesVC+funcModelUpdaters.swift in Sources */ = {isa = PBXBuildFile; fileRef = 7FE4A2B52477818C00BCBFF6 /* FramesVC+funcModelUpdaters.swift */; };
		7FEF8A6924675E9E000240A0 /* AppDelegate.swift in Sources */ = {isa = PBXBuildFile; fileRef = 7FEF8A6824675E9E000240A0 /* AppDelegate.swift */; };
		7FEF8A6B24675E9E000240A0 /* SceneDelegate.swift in Sources */ = {isa = PBXBuildFile; fileRef = 7FEF8A6A24675E9E000240A0 /* SceneDelegate.swift */; };
		7FEF8A7224675E9E000240A0 /* Assets.xcassets in Resources */ = {isa = PBXBuildFile; fileRef = 7FEF8A7124675E9E000240A0 /* Assets.xcassets */; };
		7FEF8A7524675E9E000240A0 /* LaunchScreen.storyboard in Resources */ = {isa = PBXBuildFile; fileRef = 7FEF8A7324675E9E000240A0 /* LaunchScreen.storyboard */; };
		7FEF8A7E2467601B000240A0 /* ScoreboardVC.swift in Sources */ = {isa = PBXBuildFile; fileRef = 7FEF8A7D2467601B000240A0 /* ScoreboardVC.swift */; };
		7FEF8A8124676082000240A0 /* Constants.swift in Sources */ = {isa = PBXBuildFile; fileRef = 7FEF8A8024676082000240A0 /* Constants.swift */; };
		7FEF8A8424676163000240A0 /* Player.swift in Sources */ = {isa = PBXBuildFile; fileRef = 7FEF8A8324676163000240A0 /* Player.swift */; };
		7FEF8A8A2467638D000240A0 /* ScoresView.swift in Sources */ = {isa = PBXBuildFile; fileRef = 7FEF8A892467638D000240A0 /* ScoresView.swift */; };
		7FEF8A8C246763C2000240A0 /* ScoreDifView.swift in Sources */ = {isa = PBXBuildFile; fileRef = 7FEF8A8B246763C2000240A0 /* ScoreDifView.swift */; };
		7FEF8A8E24676402000240A0 /* ScoreHistoryView.swift in Sources */ = {isa = PBXBuildFile; fileRef = 7FEF8A8D24676402000240A0 /* ScoreHistoryView.swift */; };
		7FEF8A9024676429000240A0 /* SNKButton.swift in Sources */ = {isa = PBXBuildFile; fileRef = 7FEF8A8F24676429000240A0 /* SNKButton.swift */; };
		7FEF8A94246764A5000240A0 /* SNKLabel.swift in Sources */ = {isa = PBXBuildFile; fileRef = 7FEF8A93246764A5000240A0 /* SNKLabel.swift */; };
		7FEF8A9624676FC1000240A0 /* SNKScoreButton.swift in Sources */ = {isa = PBXBuildFile; fileRef = 7FEF8A9524676FC1000240A0 /* SNKScoreButton.swift */; };
		7FF0BFBE248872D10020C821 /* SnookersDifVC+UITextFieldDelegate.swift in Sources */ = {isa = PBXBuildFile; fileRef = 7FF0BFBD248872D10020C821 /* SnookersDifVC+UITextFieldDelegate.swift */; };
		7FF0BFC024889E9B0020C821 /* SnookersBallsVC+UIPickerViewDelegate.swift in Sources */ = {isa = PBXBuildFile; fileRef = 7FF0BFBF24889E9B0020C821 /* SnookersBallsVC+UIPickerViewDelegate.swift */; };
		7FF0BFC224889EA80020C821 /* SnookersBallsVC+UIPickerViewDataSource.swift in Sources */ = {isa = PBXBuildFile; fileRef = 7FF0BFC124889EA80020C821 /* SnookersBallsVC+UIPickerViewDataSource.swift */; };
		7FF0BFC42488B4DA0020C821 /* SnookersTitleVC+SnookersBallsVCDelegate.swift in Sources */ = {isa = PBXBuildFile; fileRef = 7FF0BFC32488B4DA0020C821 /* SnookersTitleVC+SnookersBallsVCDelegate.swift */; };
		7FF0BFC62488D0170020C821 /* SnookersTitleVC+SnookersDifVCCalculatorDelegate.swift in Sources */ = {isa = PBXBuildFile; fileRef = 7FF0BFC52488D0170020C821 /* SnookersTitleVC+SnookersDifVCCalculatorDelegate.swift */; };
		7FF0BFC82488D31F0020C821 /* SnookersDifVC+SNKNumberTextFieldDelegate.swift in Sources */ = {isa = PBXBuildFile; fileRef = 7FF0BFC72488D31F0020C821 /* SnookersDifVC+SNKNumberTextFieldDelegate.swift */; };
/* End PBXBuildFile section */

/* Begin PBXFileReference section */
		7F0F60A8246CB45300F4C52C /* InfoVC.swift */ = {isa = PBXFileReference; lastKnownFileType = sourcecode.swift; path = InfoVC.swift; sourceTree = "<group>"; };
		7F13F685248CAE9300E7F439 /* FramesVC+ScoreboardVCFrameAdderDelegate.swift */ = {isa = PBXFileReference; lastKnownFileType = sourcecode.swift; path = "FramesVC+ScoreboardVCFrameAdderDelegate.swift"; sourceTree = "<group>"; };
		7F158C88246A902100AF1D38 /* ScoreboardStackView.swift */ = {isa = PBXFileReference; lastKnownFileType = sourcecode.swift; path = ScoreboardStackView.swift; sourceTree = "<group>"; };
		7F269849246E1B1500AD60B6 /* ScoreboardVC+PointsAdderVCDelegate.swift */ = {isa = PBXFileReference; lastKnownFileType = sourcecode.swift; path = "ScoreboardVC+PointsAdderVCDelegate.swift"; sourceTree = "<group>"; };
		7F26984B246E517000AD60B6 /* ScoreboardVC+funcModelUpdaters.swift */ = {isa = PBXFileReference; lastKnownFileType = sourcecode.swift; path = "ScoreboardVC+funcModelUpdaters.swift"; sourceTree = "<group>"; };
		7F320871247DE6B200FC1782 /* FramesVC+funcCB.swift */ = {isa = PBXFileReference; lastKnownFileType = sourcecode.swift; path = "FramesVC+funcCB.swift"; sourceTree = "<group>"; };
		7F39EF84246BDA0700ABB703 /* ScoreboardVC+funcViewUpdaters.swift */ = {isa = PBXFileReference; lastKnownFileType = sourcecode.swift; path = "ScoreboardVC+funcViewUpdaters.swift"; sourceTree = "<group>"; };
		7F39EF86246BDB5200ABB703 /* ResetButton.swift */ = {isa = PBXFileReference; lastKnownFileType = sourcecode.swift; path = ResetButton.swift; sourceTree = "<group>"; };
		7F3E932E246781AE0067B891 /* UIView+.swift */ = {isa = PBXFileReference; lastKnownFileType = sourcecode.swift; path = "UIView+.swift"; sourceTree = "<group>"; };
		7F3EA399247DB0FB0053BF12 /* ScoreboardVC+funcCB.swift */ = {isa = PBXFileReference; lastKnownFileType = sourcecode.swift; path = "ScoreboardVC+funcCB.swift"; sourceTree = "<group>"; };
		7F46E1E62477919F002712A8 /* ConnectVC+funcModelUpdaters.swift */ = {isa = PBXFileReference; lastKnownFileType = sourcecode.swift; path = "ConnectVC+funcModelUpdaters.swift"; sourceTree = "<group>"; };
		7F46E1E8247791D6002712A8 /* ConnectVC+funcViewUpdaters.swift */ = {isa = PBXFileReference; lastKnownFileType = sourcecode.swift; path = "ConnectVC+funcViewUpdaters.swift"; sourceTree = "<group>"; };
		7F46E1EB2477B354002712A8 /* MeWhichPlayerView.swift */ = {isa = PBXFileReference; lastKnownFileType = sourcecode.swift; path = MeWhichPlayerView.swift; sourceTree = "<group>"; };
		7F4991C9247B806900CCAFB6 /* ConnectVC+CBPeripheralDelegate.swift */ = {isa = PBXFileReference; lastKnownFileType = sourcecode.swift; path = "ConnectVC+CBPeripheralDelegate.swift"; sourceTree = "<group>"; };
		7F4A3222246A59D700BE7F97 /* SNKAlertVC.swift */ = {isa = PBXFileReference; lastKnownFileType = sourcecode.swift; path = SNKAlertVC.swift; sourceTree = "<group>"; };
		7F4A3224246A666F00BE7F97 /* ScoreboardVC+UITextViewDelegate.swift */ = {isa = PBXFileReference; lastKnownFileType = sourcecode.swift; path = "ScoreboardVC+UITextViewDelegate.swift"; sourceTree = "<group>"; };
		7F4B89222486F7870099EDEB /* SnookersVC.swift */ = {isa = PBXFileReference; lastKnownFileType = sourcecode.swift; path = SnookersVC.swift; sourceTree = "<group>"; };
		7F4B892524875DB90099EDEB /* SNKNumberTextField.swift */ = {isa = PBXFileReference; lastKnownFileType = sourcecode.swift; path = SNKNumberTextField.swift; sourceTree = "<group>"; };
		7F4B8928248766930099EDEB /* UIViewController+.swift */ = {isa = PBXFileReference; lastKnownFileType = sourcecode.swift; path = "UIViewController+.swift"; sourceTree = "<group>"; };
		7F4B892A248776DE0099EDEB /* SnookersTitleVC.swift */ = {isa = PBXFileReference; lastKnownFileType = sourcecode.swift; path = SnookersTitleVC.swift; sourceTree = "<group>"; };
		7F4B892C248776F20099EDEB /* SnookersDifVC.swift */ = {isa = PBXFileReference; lastKnownFileType = sourcecode.swift; path = SnookersDifVC.swift; sourceTree = "<group>"; };
		7F4B892E248777030099EDEB /* SnookersBallsVC.swift */ = {isa = PBXFileReference; lastKnownFileType = sourcecode.swift; path = SnookersBallsVC.swift; sourceTree = "<group>"; };
		7F4BF45F246DE33A009B2E78 /* SNKXButton.swift */ = {isa = PBXFileReference; lastKnownFileType = sourcecode.swift; path = SNKXButton.swift; sourceTree = "<group>"; };
		7F4BF462246DFFC3009B2E78 /* PointsAdderVC+PointsAdderNumberPadViewDelegate.swift */ = {isa = PBXFileReference; lastKnownFileType = sourcecode.swift; path = "PointsAdderVC+PointsAdderNumberPadViewDelegate.swift"; sourceTree = "<group>"; };
		7F52C2CD2468BC5500C76C1E /* ScoreInfoView.swift */ = {isa = PBXFileReference; lastKnownFileType = sourcecode.swift; path = ScoreInfoView.swift; sourceTree = "<group>"; };
		7F52C2D02468BCC000C76C1E /* ScoreButtonsView.swift */ = {isa = PBXFileReference; lastKnownFileType = sourcecode.swift; path = ScoreButtonsView.swift; sourceTree = "<group>"; };
		7F52C2D22468BE0300C76C1E /* SNKPlayerNamesView.swift */ = {isa = PBXFileReference; lastKnownFileType = sourcecode.swift; path = SNKPlayerNamesView.swift; sourceTree = "<group>"; };
		7F54D508247CC63800F4285E /* ConnectVC+funcUpdaters.swift */ = {isa = PBXFileReference; lastKnownFileType = sourcecode.swift; path = "ConnectVC+funcUpdaters.swift"; sourceTree = "<group>"; };
		7F54D50E247D0FAD00F4285E /* ConnectVC+funcCBPersistence.swift */ = {isa = PBXFileReference; fileEncoding = 4; lastKnownFileType = sourcecode.swift; path = "ConnectVC+funcCBPersistence.swift"; sourceTree = "<group>"; };
		7F56226E247723DE00458193 /* ConnectVC+UITextViewDelegate.swift */ = {isa = PBXFileReference; lastKnownFileType = sourcecode.swift; path = "ConnectVC+UITextViewDelegate.swift"; sourceTree = "<group>"; };
		7F56227224774D3A00458193 /* SNKView.swift */ = {isa = PBXFileReference; lastKnownFileType = sourcecode.swift; path = SNKView.swift; sourceTree = "<group>"; };
		7F56227424776E1800458193 /* NotificationName+.swift */ = {isa = PBXFileReference; lastKnownFileType = sourcecode.swift; path = "NotificationName+.swift"; sourceTree = "<group>"; };
		7F56D6B2247A0A51006807E6 /* ConnectVC+MeWhichPlayerViewDelegate.swift */ = {isa = PBXFileReference; lastKnownFileType = sourcecode.swift; path = "ConnectVC+MeWhichPlayerViewDelegate.swift"; sourceTree = "<group>"; };
		7F5D8EF3248871E800F66B70 /* SnookersVC+SnookersDifVCDelegate.swift */ = {isa = PBXFileReference; lastKnownFileType = sourcecode.swift; path = "SnookersVC+SnookersDifVCDelegate.swift"; sourceTree = "<group>"; };
		7F6AE51C2468C5F300767F7C /* UndoButtonsView.swift */ = {isa = PBXFileReference; lastKnownFileType = sourcecode.swift; path = UndoButtonsView.swift; sourceTree = "<group>"; };
		7F6AE52024690BA000767F7C /* UIStackView+.swift */ = {isa = PBXFileReference; lastKnownFileType = sourcecode.swift; path = "UIStackView+.swift"; sourceTree = "<group>"; };
		7F6AE52224690F9800767F7C /* SNKSeparatorView.swift */ = {isa = PBXFileReference; lastKnownFileType = sourcecode.swift; path = SNKSeparatorView.swift; sourceTree = "<group>"; };
		7F6AE525246931DD00767F7C /* SNKTextView.swift */ = {isa = PBXFileReference; lastKnownFileType = sourcecode.swift; path = SNKTextView.swift; sourceTree = "<group>"; };
		7F732502247B1C710034F275 /* ConnectVC+CBCentralManagerDelegate.swift */ = {isa = PBXFileReference; lastKnownFileType = sourcecode.swift; path = "ConnectVC+CBCentralManagerDelegate.swift"; sourceTree = "<group>"; };
		7F732504247B24900034F275 /* ConnectVC+funcCB.swift */ = {isa = PBXFileReference; lastKnownFileType = sourcecode.swift; path = "ConnectVC+funcCB.swift"; sourceTree = "<group>"; };
		7F732506247B35AC0034F275 /* ConnectVC+CBPeripheralManagerDelegate.swift */ = {isa = PBXFileReference; lastKnownFileType = sourcecode.swift; path = "ConnectVC+CBPeripheralManagerDelegate.swift"; sourceTree = "<group>"; };
		7F74D7882475DAE40081F8AF /* ConnectVC.swift */ = {isa = PBXFileReference; lastKnownFileType = sourcecode.swift; path = ConnectVC.swift; sourceTree = "<group>"; };
		7F77796B24849D8900F29350 /* WinButton.swift */ = {isa = PBXFileReference; lastKnownFileType = sourcecode.swift; path = WinButton.swift; sourceTree = "<group>"; };
		7F7779712484A80A00F29350 /* ScoreResetAlertVC.swift */ = {isa = PBXFileReference; lastKnownFileType = sourcecode.swift; path = ScoreResetAlertVC.swift; sourceTree = "<group>"; };
		7F79AFBD2478EC18001321E9 /* ConnectButton.swift */ = {isa = PBXFileReference; lastKnownFileType = sourcecode.swift; path = ConnectButton.swift; sourceTree = "<group>"; };
		7F8FAD6824733BBB005C550D /* FramesVC.swift */ = {isa = PBXFileReference; lastKnownFileType = sourcecode.swift; path = FramesVC.swift; sourceTree = "<group>"; };
		7F94A53D247E304A00727967 /* ConnectVC+ConnectButtonDelegates.swift */ = {isa = PBXFileReference; lastKnownFileType = sourcecode.swift; path = "ConnectVC+ConnectButtonDelegates.swift"; sourceTree = "<group>"; };
		7F94A53F247E31C600727967 /* DisconnectAlertVC.swift */ = {isa = PBXFileReference; lastKnownFileType = sourcecode.swift; path = DisconnectAlertVC.swift; sourceTree = "<group>"; };
		7FA4006E247389540013AE2C /* FramesWonView.swift */ = {isa = PBXFileReference; lastKnownFileType = sourcecode.swift; path = FramesWonView.swift; sourceTree = "<group>"; };
		7FA4B06B247F0E70003CDD64 /* ConnectInstructionTextView.swift */ = {isa = PBXFileReference; lastKnownFileType = sourcecode.swift; path = ConnectInstructionTextView.swift; sourceTree = "<group>"; };
		7FA4B06F247F2507003CDD64 /* ConnectVC+UITextFieldDelegateAnd.swift */ = {isa = PBXFileReference; lastKnownFileType = sourcecode.swift; path = "ConnectVC+UITextFieldDelegateAnd.swift"; sourceTree = "<group>"; };
		7FA4B071247F4459003CDD64 /* ConnectedTextView.swift */ = {isa = PBXFileReference; lastKnownFileType = sourcecode.swift; path = ConnectedTextView.swift; sourceTree = "<group>"; };
		7FA5A22A2473363000B9D72C /* TabBarVC.swift */ = {isa = PBXFileReference; lastKnownFileType = sourcecode.swift; path = TabBarVC.swift; sourceTree = "<group>"; };
		7FACBEC2246CC437004E9137 /* PointsAdderVC.swift */ = {isa = PBXFileReference; lastKnownFileType = sourcecode.swift; path = PointsAdderVC.swift; sourceTree = "<group>"; };
		7FACBEC5246CE753004E9137 /* PointsAdderHeaderView.swift */ = {isa = PBXFileReference; lastKnownFileType = sourcecode.swift; path = PointsAdderHeaderView.swift; sourceTree = "<group>"; };
		7FACBEC7246CF01C004E9137 /* PointsAdderNumberPadView.swift */ = {isa = PBXFileReference; lastKnownFileType = sourcecode.swift; path = PointsAdderNumberPadView.swift; sourceTree = "<group>"; };
		7FACBECC246D274D004E9137 /* SNKNumberPadButton.swift */ = {isa = PBXFileReference; lastKnownFileType = sourcecode.swift; path = SNKNumberPadButton.swift; sourceTree = "<group>"; };
		7FB848CB247CB8480004B144 /* SNKcbData.swift */ = {isa = PBXFileReference; lastKnownFileType = sourcecode.swift; path = SNKcbData.swift; sourceTree = "<group>"; };
		7FC2ADCC24738EAD00C69541 /* FramesWonButtonsView.swift */ = {isa = PBXFileReference; lastKnownFileType = sourcecode.swift; path = FramesWonButtonsView.swift; sourceTree = "<group>"; };
		7FCB0F80246BDE2F00562636 /* ScoreboardVC+ResetDelegates.swift */ = {isa = PBXFileReference; lastKnownFileType = sourcecode.swift; path = "ScoreboardVC+ResetDelegates.swift"; sourceTree = "<group>"; };
		7FD2BBFF246BE47300C44D26 /* ScoreboardVC+funcPersistence.swift */ = {isa = PBXFileReference; lastKnownFileType = sourcecode.swift; path = "ScoreboardVC+funcPersistence.swift"; sourceTree = "<group>"; };
		7FD4E6C324765F1C008EC198 /* ResetAlertVC.swift */ = {isa = PBXFileReference; lastKnownFileType = sourcecode.swift; path = ResetAlertVC.swift; sourceTree = "<group>"; };
		7FDD3DD02473915100292402 /* FramesVC+funcViewUpdaters.swift */ = {isa = PBXFileReference; lastKnownFileType = sourcecode.swift; path = "FramesVC+funcViewUpdaters.swift"; sourceTree = "<group>"; };
		7FDD3DD2247393EB00292402 /* FramesResetButton.swift */ = {isa = PBXFileReference; lastKnownFileType = sourcecode.swift; path = FramesResetButton.swift; sourceTree = "<group>"; };
		7FDD3DD4247394DA00292402 /* FramesVC+ResetDelegates.swift */ = {isa = PBXFileReference; lastKnownFileType = sourcecode.swift; path = "FramesVC+ResetDelegates.swift"; sourceTree = "<group>"; };
		7FDD3DD62473A71000292402 /* FramesVC+FramesWonButtonsViewDelegate.swift */ = {isa = PBXFileReference; lastKnownFileType = sourcecode.swift; path = "FramesVC+FramesWonButtonsViewDelegate.swift"; sourceTree = "<group>"; };
		7FDD3DD82473ACF900292402 /* FramesVC+funcPersistence.swift */ = {isa = PBXFileReference; lastKnownFileType = sourcecode.swift; path = "FramesVC+funcPersistence.swift"; sourceTree = "<group>"; };
		7FDD3DDA2473B8A900292402 /* FramesVC+UITextViewDelegate.swift */ = {isa = PBXFileReference; lastKnownFileType = sourcecode.swift; path = "FramesVC+UITextViewDelegate.swift"; sourceTree = "<group>"; };
		7FE085CA246B8FCD00AB5010 /* ScoreboardVC+ScoreButtonsViewDelegate.swift */ = {isa = PBXFileReference; lastKnownFileType = sourcecode.swift; path = "ScoreboardVC+ScoreButtonsViewDelegate.swift"; sourceTree = "<group>"; };
		7FE085CC246BBEBE00AB5010 /* ScoreboardVC+UndoButtonsViewDelegate.swift */ = {isa = PBXFileReference; lastKnownFileType = sourcecode.swift; path = "ScoreboardVC+UndoButtonsViewDelegate.swift"; sourceTree = "<group>"; };
		7FE4A2B52477818C00BCBFF6 /* FramesVC+funcModelUpdaters.swift */ = {isa = PBXFileReference; lastKnownFileType = sourcecode.swift; path = "FramesVC+funcModelUpdaters.swift"; sourceTree = "<group>"; };
		7FEF8A6524675E9E000240A0 /* Snookr.app */ = {isa = PBXFileReference; explicitFileType = wrapper.application; includeInIndex = 0; path = Snookr.app; sourceTree = BUILT_PRODUCTS_DIR; };
		7FEF8A6824675E9E000240A0 /* AppDelegate.swift */ = {isa = PBXFileReference; lastKnownFileType = sourcecode.swift; path = AppDelegate.swift; sourceTree = "<group>"; };
		7FEF8A6A24675E9E000240A0 /* SceneDelegate.swift */ = {isa = PBXFileReference; lastKnownFileType = sourcecode.swift; path = SceneDelegate.swift; sourceTree = "<group>"; };
		7FEF8A7124675E9E000240A0 /* Assets.xcassets */ = {isa = PBXFileReference; lastKnownFileType = folder.assetcatalog; path = Assets.xcassets; sourceTree = "<group>"; };
		7FEF8A7424675E9E000240A0 /* Base */ = {isa = PBXFileReference; lastKnownFileType = file.storyboard; name = Base; path = Base.lproj/LaunchScreen.storyboard; sourceTree = "<group>"; };
		7FEF8A7624675E9E000240A0 /* Info.plist */ = {isa = PBXFileReference; lastKnownFileType = text.plist.xml; path = Info.plist; sourceTree = "<group>"; };
		7FEF8A7D2467601B000240A0 /* ScoreboardVC.swift */ = {isa = PBXFileReference; lastKnownFileType = sourcecode.swift; path = ScoreboardVC.swift; sourceTree = "<group>"; };
		7FEF8A8024676082000240A0 /* Constants.swift */ = {isa = PBXFileReference; lastKnownFileType = sourcecode.swift; path = Constants.swift; sourceTree = "<group>"; };
		7FEF8A8324676163000240A0 /* Player.swift */ = {isa = PBXFileReference; lastKnownFileType = sourcecode.swift; path = Player.swift; sourceTree = "<group>"; };
		7FEF8A892467638D000240A0 /* ScoresView.swift */ = {isa = PBXFileReference; lastKnownFileType = sourcecode.swift; path = ScoresView.swift; sourceTree = "<group>"; };
		7FEF8A8B246763C2000240A0 /* ScoreDifView.swift */ = {isa = PBXFileReference; lastKnownFileType = sourcecode.swift; path = ScoreDifView.swift; sourceTree = "<group>"; };
		7FEF8A8D24676402000240A0 /* ScoreHistoryView.swift */ = {isa = PBXFileReference; lastKnownFileType = sourcecode.swift; path = ScoreHistoryView.swift; sourceTree = "<group>"; };
		7FEF8A8F24676429000240A0 /* SNKButton.swift */ = {isa = PBXFileReference; lastKnownFileType = sourcecode.swift; path = SNKButton.swift; sourceTree = "<group>"; };
		7FEF8A93246764A5000240A0 /* SNKLabel.swift */ = {isa = PBXFileReference; lastKnownFileType = sourcecode.swift; path = SNKLabel.swift; sourceTree = "<group>"; };
		7FEF8A9524676FC1000240A0 /* SNKScoreButton.swift */ = {isa = PBXFileReference; lastKnownFileType = sourcecode.swift; path = SNKScoreButton.swift; sourceTree = "<group>"; };
		7FF0BFBD248872D10020C821 /* SnookersDifVC+UITextFieldDelegate.swift */ = {isa = PBXFileReference; lastKnownFileType = sourcecode.swift; path = "SnookersDifVC+UITextFieldDelegate.swift"; sourceTree = "<group>"; };
		7FF0BFBF24889E9B0020C821 /* SnookersBallsVC+UIPickerViewDelegate.swift */ = {isa = PBXFileReference; lastKnownFileType = sourcecode.swift; path = "SnookersBallsVC+UIPickerViewDelegate.swift"; sourceTree = "<group>"; };
		7FF0BFC124889EA80020C821 /* SnookersBallsVC+UIPickerViewDataSource.swift */ = {isa = PBXFileReference; lastKnownFileType = sourcecode.swift; path = "SnookersBallsVC+UIPickerViewDataSource.swift"; sourceTree = "<group>"; };
		7FF0BFC32488B4DA0020C821 /* SnookersTitleVC+SnookersBallsVCDelegate.swift */ = {isa = PBXFileReference; lastKnownFileType = sourcecode.swift; path = "SnookersTitleVC+SnookersBallsVCDelegate.swift"; sourceTree = "<group>"; };
		7FF0BFC52488D0170020C821 /* SnookersTitleVC+SnookersDifVCCalculatorDelegate.swift */ = {isa = PBXFileReference; lastKnownFileType = sourcecode.swift; path = "SnookersTitleVC+SnookersDifVCCalculatorDelegate.swift"; sourceTree = "<group>"; };
		7FF0BFC72488D31F0020C821 /* SnookersDifVC+SNKNumberTextFieldDelegate.swift */ = {isa = PBXFileReference; lastKnownFileType = sourcecode.swift; path = "SnookersDifVC+SNKNumberTextFieldDelegate.swift"; sourceTree = "<group>"; };
/* End PBXFileReference section */

/* Begin PBXFrameworksBuildPhase section */
		7FEF8A6224675E9E000240A0 /* Frameworks */ = {
			isa = PBXFrameworksBuildPhase;
			buildActionMask = 2147483647;
			files = (
			);
			runOnlyForDeploymentPostprocessing = 0;
		};
/* End PBXFrameworksBuildPhase section */

/* Begin PBXGroup section */
		7F0F60A7246CB41A00F4C52C /* SocreboardVC Extensions */ = {
			isa = PBXGroup;
			children = (
				7F3EA399247DB0FB0053BF12 /* ScoreboardVC+funcCB.swift */,
				7F26984B246E517000AD60B6 /* ScoreboardVC+funcModelUpdaters.swift */,
				7F39EF84246BDA0700ABB703 /* ScoreboardVC+funcViewUpdaters.swift */,
				7FD2BBFF246BE47300C44D26 /* ScoreboardVC+funcPersistence.swift */,
				7F4A3224246A666F00BE7F97 /* ScoreboardVC+UITextViewDelegate.swift */,
				7FE085CC246BBEBE00AB5010 /* ScoreboardVC+UndoButtonsViewDelegate.swift */,
				7FE085CA246B8FCD00AB5010 /* ScoreboardVC+ScoreButtonsViewDelegate.swift */,
				7F269849246E1B1500AD60B6 /* ScoreboardVC+PointsAdderVCDelegate.swift */,
				7FCB0F80246BDE2F00562636 /* ScoreboardVC+ResetDelegates.swift */,
			);
			path = "SocreboardVC Extensions";
			sourceTree = "<group>";
		};
		7F0F60AB246CB47500F4C52C /* InfoTab */ = {
			isa = PBXGroup;
			children = (
				7F0F60A8246CB45300F4C52C /* InfoVC.swift */,
			);
			path = InfoTab;
			sourceTree = "<group>";
		};
		7F158C8A246A902C00AF1D38 /* ScoreboardStackView Subviews */ = {
			isa = PBXGroup;
			children = (
				7F52C2CD2468BC5500C76C1E /* ScoreInfoView.swift */,
				7F52C2CF2468BC7300C76C1E /* ScoreInfoView Subviews */,
				7F52C2D02468BCC000C76C1E /* ScoreButtonsView.swift */,
			);
			path = "ScoreboardStackView Subviews";
			sourceTree = "<group>";
		};
		7F3504C124761365005A2F52 /* ConnectVC Extensions */ = {
			isa = PBXGroup;
			children = (
				7F732502247B1C710034F275 /* ConnectVC+CBCentralManagerDelegate.swift */,
				7F4991C9247B806900CCAFB6 /* ConnectVC+CBPeripheralDelegate.swift */,
				7F732506247B35AC0034F275 /* ConnectVC+CBPeripheralManagerDelegate.swift */,
				7F732504247B24900034F275 /* ConnectVC+funcCB.swift */,
				7F54D50E247D0FAD00F4285E /* ConnectVC+funcCBPersistence.swift */,
				7F54D508247CC63800F4285E /* ConnectVC+funcUpdaters.swift */,
				7F46E1E62477919F002712A8 /* ConnectVC+funcModelUpdaters.swift */,
				7F46E1E8247791D6002712A8 /* ConnectVC+funcViewUpdaters.swift */,
				7F94A53D247E304A00727967 /* ConnectVC+ConnectButtonDelegates.swift */,
				7F56D6B2247A0A51006807E6 /* ConnectVC+MeWhichPlayerViewDelegate.swift */,
				7FA4B06F247F2507003CDD64 /* ConnectVC+UITextFieldDelegateAnd.swift */,
				7F56226E247723DE00458193 /* ConnectVC+UITextViewDelegate.swift */,
			);
			path = "ConnectVC Extensions";
			sourceTree = "<group>";
		};
		7F3E932D2467815B0067B891 /* Extensions */ = {
			isa = PBXGroup;
			children = (
				7F4B8928248766930099EDEB /* UIViewController+.swift */,
				7F3E932E246781AE0067B891 /* UIView+.swift */,
				7F6AE52024690BA000767F7C /* UIStackView+.swift */,
				7F56227424776E1800458193 /* NotificationName+.swift */,
			);
			path = Extensions;
			sourceTree = "<group>";
		};
		7F46E1EA2477B309002712A8 /* ConnectVC Subviews */ = {
			isa = PBXGroup;
			children = (
				7F46E1EB2477B354002712A8 /* MeWhichPlayerView.swift */,
				7FA4B06B247F0E70003CDD64 /* ConnectInstructionTextView.swift */,
				7F79AFBD2478EC18001321E9 /* ConnectButton.swift */,
				7FA4B071247F4459003CDD64 /* ConnectedTextView.swift */,
			);
			path = "ConnectVC Subviews";
			sourceTree = "<group>";
		};
		7F4B89212486F67E0099EDEB /* SnookersTab */ = {
			isa = PBXGroup;
			children = (
				7F4B89222486F7870099EDEB /* SnookersVC.swift */,
				7F5D8EF3248871E800F66B70 /* SnookersVC+SnookersDifVCDelegate.swift */,
				7F4B8927248765E30099EDEB /* SnookersVC Child View Controllers */,
			);
			path = SnookersTab;
			sourceTree = "<group>";
		};
		7F4B892424875D870099EDEB /* TextFields */ = {
			isa = PBXGroup;
			children = (
				7F4B892524875DB90099EDEB /* SNKNumberTextField.swift */,
			);
			path = TextFields;
			sourceTree = "<group>";
		};
		7F4B8927248765E30099EDEB /* SnookersVC Child View Controllers */ = {
			isa = PBXGroup;
			children = (
				7F4B892A248776DE0099EDEB /* SnookersTitleVC.swift */,
				7FF0BFC52488D0170020C821 /* SnookersTitleVC+SnookersDifVCCalculatorDelegate.swift */,
				7FF0BFC32488B4DA0020C821 /* SnookersTitleVC+SnookersBallsVCDelegate.swift */,
				7F4B892C248776F20099EDEB /* SnookersDifVC.swift */,
				7FF0BFBD248872D10020C821 /* SnookersDifVC+UITextFieldDelegate.swift */,
				7FF0BFC72488D31F0020C821 /* SnookersDifVC+SNKNumberTextFieldDelegate.swift */,
				7F4B892E248777030099EDEB /* SnookersBallsVC.swift */,
				7FF0BFBF24889E9B0020C821 /* SnookersBallsVC+UIPickerViewDelegate.swift */,
				7FF0BFC124889EA80020C821 /* SnookersBallsVC+UIPickerViewDataSource.swift */,
			);
			path = "SnookersVC Child View Controllers";
			sourceTree = "<group>";
		};
		7F4BF461246DFFA2009B2E78 /* PointsAdderVC Extensions */ = {
			isa = PBXGroup;
			children = (
				7F4BF462246DFFC3009B2E78 /* PointsAdderVC+PointsAdderNumberPadViewDelegate.swift */,
			);
			path = "PointsAdderVC Extensions";
			sourceTree = "<group>";
		};
		7F52C2CF2468BC7300C76C1E /* ScoreInfoView Subviews */ = {
			isa = PBXGroup;
			children = (
				7FEF8A892467638D000240A0 /* ScoresView.swift */,
				7F52C2D42468BE0E00C76C1E /* ScoresView Subviews */,
				7FEF8A8D24676402000240A0 /* ScoreHistoryView.swift */,
				7F6AE51C2468C5F300767F7C /* UndoButtonsView.swift */,
			);
			path = "ScoreInfoView Subviews";
			sourceTree = "<group>";
		};
		7F52C2D42468BE0E00C76C1E /* ScoresView Subviews */ = {
			isa = PBXGroup;
			children = (
				7FEF8A8B246763C2000240A0 /* ScoreDifView.swift */,
			);
			path = "ScoresView Subviews";
			sourceTree = "<group>";
		};
		7F6AE5242469319A00767F7C /* TextViews */ = {
			isa = PBXGroup;
			children = (
				7F6AE525246931DD00767F7C /* SNKTextView.swift */,
			);
			path = TextViews;
			sourceTree = "<group>";
		};
		7F74D7872475D48A0081F8AF /* ConnectTab */ = {
			isa = PBXGroup;
			children = (
				7F74D7882475DAE40081F8AF /* ConnectVC.swift */,
				7F3504C124761365005A2F52 /* ConnectVC Extensions */,
				7F46E1EA2477B309002712A8 /* ConnectVC Subviews */,
				7F94A53F247E31C600727967 /* DisconnectAlertVC.swift */,
			);
			path = ConnectTab;
			sourceTree = "<group>";
		};
		7FA5A22C2473364800B9D72C /* ScoresTab */ = {
			isa = PBXGroup;
			children = (
				7FEF8A7D2467601B000240A0 /* ScoreboardVC.swift */,
				7F0F60A7246CB41A00F4C52C /* SocreboardVC Extensions */,
				7FEF8A852467617F000240A0 /* ScoreboardVC Subviews */,
				7FACBEC2246CC437004E9137 /* PointsAdderVC.swift */,
				7F4BF461246DFFA2009B2E78 /* PointsAdderVC Extensions */,
				7FACBEC4246CE71F004E9137 /* PointsAdderVC Subviews */,
				7F7779712484A80A00F29350 /* ScoreResetAlertVC.swift */,
			);
			path = ScoresTab;
			sourceTree = "<group>";
		};
		7FA5A22D2473370800B9D72C /* FramesTab */ = {
			isa = PBXGroup;
			children = (
				7F8FAD6824733BBB005C550D /* FramesVC.swift */,
				7FA6A6FC2473878900FF32E4 /* FreamsVC Extensions */,
				7FA6A6FD247387A800FF32E4 /* FramesVC Subviews */,
				7FD4E6C324765F1C008EC198 /* ResetAlertVC.swift */,
			);
			path = FramesTab;
			sourceTree = "<group>";
		};
		7FA6A6FC2473878900FF32E4 /* FreamsVC Extensions */ = {
			isa = PBXGroup;
			children = (
				7F320871247DE6B200FC1782 /* FramesVC+funcCB.swift */,
				7FE4A2B52477818C00BCBFF6 /* FramesVC+funcModelUpdaters.swift */,
				7FDD3DD02473915100292402 /* FramesVC+funcViewUpdaters.swift */,
				7FDD3DD82473ACF900292402 /* FramesVC+funcPersistence.swift */,
				7FDD3DDA2473B8A900292402 /* FramesVC+UITextViewDelegate.swift */,
				7FDD3DD62473A71000292402 /* FramesVC+FramesWonButtonsViewDelegate.swift */,
				7FDD3DD4247394DA00292402 /* FramesVC+ResetDelegates.swift */,
				7F13F685248CAE9300E7F439 /* FramesVC+ScoreboardVCFrameAdderDelegate.swift */,
			);
			path = "FreamsVC Extensions";
			sourceTree = "<group>";
		};
		7FA6A6FD247387A800FF32E4 /* FramesVC Subviews */ = {
			isa = PBXGroup;
			children = (
				7FA4006E247389540013AE2C /* FramesWonView.swift */,
				7FC2ADCC24738EAD00C69541 /* FramesWonButtonsView.swift */,
				7FDD3DD2247393EB00292402 /* FramesResetButton.swift */,
			);
			path = "FramesVC Subviews";
			sourceTree = "<group>";
		};
		7FA6A6FE2473880400FF32E4 /* Views */ = {
			isa = PBXGroup;
			children = (
				7F56227224774D3A00458193 /* SNKView.swift */,
				7F6AE52224690F9800767F7C /* SNKSeparatorView.swift */,
				7F52C2D22468BE0300C76C1E /* SNKPlayerNamesView.swift */,
			);
			path = Views;
			sourceTree = "<group>";
		};
		7FACBEC4246CE71F004E9137 /* PointsAdderVC Subviews */ = {
			isa = PBXGroup;
			children = (
				7FACBEC5246CE753004E9137 /* PointsAdderHeaderView.swift */,
				7FACBEC7246CF01C004E9137 /* PointsAdderNumberPadView.swift */,
			);
			path = "PointsAdderVC Subviews";
			sourceTree = "<group>";
		};
		7FD4E6C224765ED5008EC198 /* ViewControllers */ = {
			isa = PBXGroup;
			children = (
				7F4A3222246A59D700BE7F97 /* SNKAlertVC.swift */,
			);
			path = ViewControllers;
			sourceTree = "<group>";
		};
		7FEF8A5C24675E9E000240A0 = {
			isa = PBXGroup;
			children = (
				7FEF8A6724675E9E000240A0 /* Snookr */,
				7FEF8A6624675E9E000240A0 /* Products */,
			);
			sourceTree = "<group>";
		};
		7FEF8A6624675E9E000240A0 /* Products */ = {
			isa = PBXGroup;
			children = (
				7FEF8A6524675E9E000240A0 /* Snookr.app */,
			);
			name = Products;
			sourceTree = "<group>";
		};
		7FEF8A6724675E9E000240A0 /* Snookr */ = {
			isa = PBXGroup;
			children = (
				7FEF8A6824675E9E000240A0 /* AppDelegate.swift */,
				7FEF8A6A24675E9E000240A0 /* SceneDelegate.swift */,
				7FEF8A7124675E9E000240A0 /* Assets.xcassets */,
				7FEF8A7324675E9E000240A0 /* LaunchScreen.storyboard */,
				7FEF8A7624675E9E000240A0 /* Info.plist */,
				7FEF8A7F24676070000240A0 /* Constants */,
				7F3E932D2467815B0067B891 /* Extensions */,
				7FEF8A8224676108000240A0 /* Models */,
				7FEF8A7C24676002000240A0 /* View Controllers */,
				7FEF8A8824676338000240A0 /* SNK Custom Components */,
			);
			path = Snookr;
			sourceTree = "<group>";
		};
		7FEF8A7C24676002000240A0 /* View Controllers */ = {
			isa = PBXGroup;
			children = (
				7FA5A22A2473363000B9D72C /* TabBarVC.swift */,
				7F74D7872475D48A0081F8AF /* ConnectTab */,
				7FA5A22C2473364800B9D72C /* ScoresTab */,
				7FA5A22D2473370800B9D72C /* FramesTab */,
				7F4B89212486F67E0099EDEB /* SnookersTab */,
				7F0F60AB246CB47500F4C52C /* InfoTab */,
			);
			path = "View Controllers";
			sourceTree = "<group>";
		};
		7FEF8A7F24676070000240A0 /* Constants */ = {
			isa = PBXGroup;
			children = (
				7FEF8A8024676082000240A0 /* Constants.swift */,
			);
			path = Constants;
			sourceTree = "<group>";
		};
		7FEF8A8224676108000240A0 /* Models */ = {
			isa = PBXGroup;
			children = (
				7FEF8A8324676163000240A0 /* Player.swift */,
				7FB848CB247CB8480004B144 /* SNKcbData.swift */,
			);
			path = Models;
			sourceTree = "<group>";
		};
		7FEF8A852467617F000240A0 /* ScoreboardVC Subviews */ = {
			isa = PBXGroup;
			children = (
				7F158C88246A902100AF1D38 /* ScoreboardStackView.swift */,
				7F158C8A246A902C00AF1D38 /* ScoreboardStackView Subviews */,
				7F39EF86246BDB5200ABB703 /* ResetButton.swift */,
				7F77796B24849D8900F29350 /* WinButton.swift */,
			);
			path = "ScoreboardVC Subviews";
			sourceTree = "<group>";
		};
		7FEF8A8824676338000240A0 /* SNK Custom Components */ = {
			isa = PBXGroup;
			children = (
				7FD4E6C224765ED5008EC198 /* ViewControllers */,
				7FA6A6FE2473880400FF32E4 /* Views */,
				7FEF8A9724676FD5000240A0 /* Buttons */,
				7FEF8A9824676FE5000240A0 /* Labels */,
				7F4B892424875D870099EDEB /* TextFields */,
				7F6AE5242469319A00767F7C /* TextViews */,
			);
			path = "SNK Custom Components";
			sourceTree = "<group>";
		};
		7FEF8A9724676FD5000240A0 /* Buttons */ = {
			isa = PBXGroup;
			children = (
				7FEF8A8F24676429000240A0 /* SNKButton.swift */,
				7FACBECC246D274D004E9137 /* SNKNumberPadButton.swift */,
				7FEF8A9524676FC1000240A0 /* SNKScoreButton.swift */,
				7F4BF45F246DE33A009B2E78 /* SNKXButton.swift */,
			);
			path = Buttons;
			sourceTree = "<group>";
		};
		7FEF8A9824676FE5000240A0 /* Labels */ = {
			isa = PBXGroup;
			children = (
				7FEF8A93246764A5000240A0 /* SNKLabel.swift */,
			);
			path = Labels;
			sourceTree = "<group>";
		};
/* End PBXGroup section */

/* Begin PBXNativeTarget section */
		7FEF8A6424675E9E000240A0 /* Snookr */ = {
			isa = PBXNativeTarget;
			buildConfigurationList = 7FEF8A7924675E9E000240A0 /* Build configuration list for PBXNativeTarget "Snookr" */;
			buildPhases = (
				7FEF8A6124675E9E000240A0 /* Sources */,
				7FEF8A6224675E9E000240A0 /* Frameworks */,
				7FEF8A6324675E9E000240A0 /* Resources */,
			);
			buildRules = (
			);
			dependencies = (
			);
			name = Snookr;
			productName = Snookr;
			productReference = 7FEF8A6524675E9E000240A0 /* Snookr.app */;
			productType = "com.apple.product-type.application";
		};
/* End PBXNativeTarget section */

/* Begin PBXProject section */
		7FEF8A5D24675E9E000240A0 /* Project object */ = {
			isa = PBXProject;
			attributes = {
				LastSwiftUpdateCheck = 1140;
				LastUpgradeCheck = 1140;
				ORGANIZATIONNAME = Yinan;
				TargetAttributes = {
					7FEF8A6424675E9E000240A0 = {
						CreatedOnToolsVersion = 11.4.1;
					};
				};
			};
			buildConfigurationList = 7FEF8A6024675E9E000240A0 /* Build configuration list for PBXProject "Snookr" */;
			compatibilityVersion = "Xcode 9.3";
			developmentRegion = en;
			hasScannedForEncodings = 0;
			knownRegions = (
				en,
				Base,
			);
			mainGroup = 7FEF8A5C24675E9E000240A0;
			productRefGroup = 7FEF8A6624675E9E000240A0 /* Products */;
			projectDirPath = "";
			projectRoot = "";
			targets = (
				7FEF8A6424675E9E000240A0 /* Snookr */,
			);
		};
/* End PBXProject section */

/* Begin PBXResourcesBuildPhase section */
		7FEF8A6324675E9E000240A0 /* Resources */ = {
			isa = PBXResourcesBuildPhase;
			buildActionMask = 2147483647;
			files = (
				7FEF8A7524675E9E000240A0 /* LaunchScreen.storyboard in Resources */,
				7FEF8A7224675E9E000240A0 /* Assets.xcassets in Resources */,
			);
			runOnlyForDeploymentPostprocessing = 0;
		};
/* End PBXResourcesBuildPhase section */

/* Begin PBXSourcesBuildPhase section */
		7FEF8A6124675E9E000240A0 /* Sources */ = {
			isa = PBXSourcesBuildPhase;
			buildActionMask = 2147483647;
			files = (
				7FE085CD246BBEBE00AB5010 /* ScoreboardVC+UndoButtonsViewDelegate.swift in Sources */,
				7F4B89232486F7870099EDEB /* SnookersVC.swift in Sources */,
				7F4BF460246DE33A009B2E78 /* SNKXButton.swift in Sources */,
				7F732505247B24900034F275 /* ConnectVC+funcCB.swift in Sources */,
				7F0F60A9246CB45300F4C52C /* InfoVC.swift in Sources */,
				7F4BF463246DFFC3009B2E78 /* PointsAdderVC+PointsAdderNumberPadViewDelegate.swift in Sources */,
				7F46E1EC2477B354002712A8 /* MeWhichPlayerView.swift in Sources */,
				7F6AE52124690BA000767F7C /* UIStackView+.swift in Sources */,
				7FE4A2B62477818C00BCBFF6 /* FramesVC+funcModelUpdaters.swift in Sources */,
				7F732507247B35AC0034F275 /* ConnectVC+CBPeripheralManagerDelegate.swift in Sources */,
				7F3E932F246781AE0067B891 /* UIView+.swift in Sources */,
				7F4B892624875DB90099EDEB /* SNKNumberTextField.swift in Sources */,
				7FEF8A8A2467638D000240A0 /* ScoresView.swift in Sources */,
				7FD2BC00246BE47300C44D26 /* ScoreboardVC+funcPersistence.swift in Sources */,
				7F4B892D248776F20099EDEB /* SnookersDifVC.swift in Sources */,
				7FEF8A8E24676402000240A0 /* ScoreHistoryView.swift in Sources */,
				7FCB0F81246BDE2F00562636 /* ScoreboardVC+ResetDelegates.swift in Sources */,
				7F26984C246E517000AD60B6 /* ScoreboardVC+funcModelUpdaters.swift in Sources */,
				7FDD3DD12473915100292402 /* FramesVC+funcViewUpdaters.swift in Sources */,
				7FF0BFC62488D0170020C821 /* SnookersTitleVC+SnookersDifVCCalculatorDelegate.swift in Sources */,
				7F4991CA247B806900CCAFB6 /* ConnectVC+CBPeripheralDelegate.swift in Sources */,
				7F158C89246A902100AF1D38 /* ScoreboardStackView.swift in Sources */,
				7F52C2D12468BCC000C76C1E /* ScoreButtonsView.swift in Sources */,
				7F4A3223246A59D700BE7F97 /* SNKAlertVC.swift in Sources */,
				7FC2ADCD24738EAD00C69541 /* FramesWonButtonsView.swift in Sources */,
				7F26984A246E1B1500AD60B6 /* ScoreboardVC+PointsAdderVCDelegate.swift in Sources */,
				7FA4B070247F2507003CDD64 /* ConnectVC+UITextFieldDelegateAnd.swift in Sources */,
				7FDD3DDB2473B8A900292402 /* FramesVC+UITextViewDelegate.swift in Sources */,
				7FACBEC6246CE753004E9137 /* PointsAdderHeaderView.swift in Sources */,
				7FA4B072247F4459003CDD64 /* ConnectedTextView.swift in Sources */,
				7FDD3DD3247393EB00292402 /* FramesResetButton.swift in Sources */,
				7F74D7892475DAE40081F8AF /* ConnectVC.swift in Sources */,
				7F54D509247CC63800F4285E /* ConnectVC+funcUpdaters.swift in Sources */,
				7F6AE51D2468C5F300767F7C /* UndoButtonsView.swift in Sources */,
				7FEF8A8124676082000240A0 /* Constants.swift in Sources */,
				7F56D6B3247A0A51006807E6 /* ConnectVC+MeWhichPlayerViewDelegate.swift in Sources */,
				7FDD3DD72473A71000292402 /* FramesVC+FramesWonButtonsViewDelegate.swift in Sources */,
				7FACBEC8246CF01C004E9137 /* PointsAdderNumberPadView.swift in Sources */,
				7F46E1E72477919F002712A8 /* ConnectVC+funcModelUpdaters.swift in Sources */,
				7F77796C24849D8900F29350 /* WinButton.swift in Sources */,
				7FA4006F247389540013AE2C /* FramesWonView.swift in Sources */,
				7FA5A22B2473363000B9D72C /* TabBarVC.swift in Sources */,
				7F320872247DE6B200FC1782 /* FramesVC+funcCB.swift in Sources */,
				7F39EF87246BDB5200ABB703 /* ResetButton.swift in Sources */,
				7FB848CC247CB8480004B144 /* SNKcbData.swift in Sources */,
				7F13F686248CAE9300E7F439 /* FramesVC+ScoreboardVCFrameAdderDelegate.swift in Sources */,
				7F8FAD6924733BBB005C550D /* FramesVC.swift in Sources */,
				7FDD3DD5247394DA00292402 /* FramesVC+ResetDelegates.swift in Sources */,
				7FF0BFC42488B4DA0020C821 /* SnookersTitleVC+SnookersBallsVCDelegate.swift in Sources */,
				7FEF8A9624676FC1000240A0 /* SNKScoreButton.swift in Sources */,
				7FEF8A94246764A5000240A0 /* SNKLabel.swift in Sources */,
				7F6AE526246931DD00767F7C /* SNKTextView.swift in Sources */,
				7FE085CB246B8FCD00AB5010 /* ScoreboardVC+ScoreButtonsViewDelegate.swift in Sources */,
				7F56226F247723DE00458193 /* ConnectVC+UITextViewDelegate.swift in Sources */,
				7F79AFBE2478EC18001321E9 /* ConnectButton.swift in Sources */,
				7FACBEC3246CC437004E9137 /* PointsAdderVC.swift in Sources */,
				7FACBECD246D274D004E9137 /* SNKNumberPadButton.swift in Sources */,
				7F39EF85246BDA0700ABB703 /* ScoreboardVC+funcViewUpdaters.swift in Sources */,
				7FD4E6C424765F1C008EC198 /* ResetAlertVC.swift in Sources */,
				7FEF8A9024676429000240A0 /* SNKButton.swift in Sources */,
				7F56227524776E1800458193 /* NotificationName+.swift in Sources */,
				7FEF8A6924675E9E000240A0 /* AppDelegate.swift in Sources */,
				7FF0BFC224889EA80020C821 /* SnookersBallsVC+UIPickerViewDataSource.swift in Sources */,
				7FA4B06C247F0E70003CDD64 /* ConnectInstructionTextView.swift in Sources */,
				7F94A540247E31C600727967 /* DisconnectAlertVC.swift in Sources */,
				7FF0BFC82488D31F0020C821 /* SnookersDifVC+SNKNumberTextFieldDelegate.swift in Sources */,
				7FEF8A7E2467601B000240A0 /* ScoreboardVC.swift in Sources */,
				7F6AE52324690F9800767F7C /* SNKSeparatorView.swift in Sources */,
				7F7779722484A80A00F29350 /* ScoreResetAlertVC.swift in Sources */,
				7FF0BFBE248872D10020C821 /* SnookersDifVC+UITextFieldDelegate.swift in Sources */,
				7F3EA39A247DB0FB0053BF12 /* ScoreboardVC+funcCB.swift in Sources */,
				7FEF8A8424676163000240A0 /* Player.swift in Sources */,
				7F4B892B248776DE0099EDEB /* SnookersTitleVC.swift in Sources */,
				7F52C2D32468BE0300C76C1E /* SNKPlayerNamesView.swift in Sources */,
				7F94A53E247E304A00727967 /* ConnectVC+ConnectButtonDelegates.swift in Sources */,
				7F4A3225246A666F00BE7F97 /* ScoreboardVC+UITextViewDelegate.swift in Sources */,
				7FDD3DD92473ACF900292402 /* FramesVC+funcPersistence.swift in Sources */,
				7FEF8A6B24675E9E000240A0 /* SceneDelegate.swift in Sources */,
				7F5D8EF4248871E800F66B70 /* SnookersVC+SnookersDifVCDelegate.swift in Sources */,
				7F56227324774D3A00458193 /* SNKView.swift in Sources */,
				7F46E1E9247791D6002712A8 /* ConnectVC+funcViewUpdaters.swift in Sources */,
				7F732503247B1C710034F275 /* ConnectVC+CBCentralManagerDelegate.swift in Sources */,
				7F4B8929248766930099EDEB /* UIViewController+.swift in Sources */,
				7F4B892F248777030099EDEB /* SnookersBallsVC.swift in Sources */,
				7F54D50F247D0FAD00F4285E /* ConnectVC+funcCBPersistence.swift in Sources */,
				7FEF8A8C246763C2000240A0 /* ScoreDifView.swift in Sources */,
				7F52C2CE2468BC5500C76C1E /* ScoreInfoView.swift in Sources */,
				7FF0BFC024889E9B0020C821 /* SnookersBallsVC+UIPickerViewDelegate.swift in Sources */,
			);
			runOnlyForDeploymentPostprocessing = 0;
		};
/* End PBXSourcesBuildPhase section */

/* Begin PBXVariantGroup section */
		7FEF8A7324675E9E000240A0 /* LaunchScreen.storyboard */ = {
			isa = PBXVariantGroup;
			children = (
				7FEF8A7424675E9E000240A0 /* Base */,
			);
			name = LaunchScreen.storyboard;
			sourceTree = "<group>";
		};
/* End PBXVariantGroup section */

/* Begin XCBuildConfiguration section */
		7FEF8A7724675E9E000240A0 /* Debug */ = {
			isa = XCBuildConfiguration;
			buildSettings = {
				ALWAYS_SEARCH_USER_PATHS = NO;
				CLANG_ANALYZER_NONNULL = YES;
				CLANG_ANALYZER_NUMBER_OBJECT_CONVERSION = YES_AGGRESSIVE;
				CLANG_CXX_LANGUAGE_STANDARD = "gnu++14";
				CLANG_CXX_LIBRARY = "libc++";
				CLANG_ENABLE_MODULES = YES;
				CLANG_ENABLE_OBJC_ARC = YES;
				CLANG_ENABLE_OBJC_WEAK = YES;
				CLANG_WARN_BLOCK_CAPTURE_AUTORELEASING = YES;
				CLANG_WARN_BOOL_CONVERSION = YES;
				CLANG_WARN_COMMA = YES;
				CLANG_WARN_CONSTANT_CONVERSION = YES;
				CLANG_WARN_DEPRECATED_OBJC_IMPLEMENTATIONS = YES;
				CLANG_WARN_DIRECT_OBJC_ISA_USAGE = YES_ERROR;
				CLANG_WARN_DOCUMENTATION_COMMENTS = YES;
				CLANG_WARN_EMPTY_BODY = YES;
				CLANG_WARN_ENUM_CONVERSION = YES;
				CLANG_WARN_INFINITE_RECURSION = YES;
				CLANG_WARN_INT_CONVERSION = YES;
				CLANG_WARN_NON_LITERAL_NULL_CONVERSION = YES;
				CLANG_WARN_OBJC_IMPLICIT_RETAIN_SELF = YES;
				CLANG_WARN_OBJC_LITERAL_CONVERSION = YES;
				CLANG_WARN_OBJC_ROOT_CLASS = YES_ERROR;
				CLANG_WARN_RANGE_LOOP_ANALYSIS = YES;
				CLANG_WARN_STRICT_PROTOTYPES = YES;
				CLANG_WARN_SUSPICIOUS_MOVE = YES;
				CLANG_WARN_UNGUARDED_AVAILABILITY = YES_AGGRESSIVE;
				CLANG_WARN_UNREACHABLE_CODE = YES;
				CLANG_WARN__DUPLICATE_METHOD_MATCH = YES;
				COPY_PHASE_STRIP = NO;
				DEBUG_INFORMATION_FORMAT = dwarf;
				ENABLE_STRICT_OBJC_MSGSEND = YES;
				ENABLE_TESTABILITY = YES;
				GCC_C_LANGUAGE_STANDARD = gnu11;
				GCC_DYNAMIC_NO_PIC = NO;
				GCC_NO_COMMON_BLOCKS = YES;
				GCC_OPTIMIZATION_LEVEL = 0;
				GCC_PREPROCESSOR_DEFINITIONS = (
					"DEBUG=1",
					"$(inherited)",
				);
				GCC_WARN_64_TO_32_BIT_CONVERSION = YES;
				GCC_WARN_ABOUT_RETURN_TYPE = YES_ERROR;
				GCC_WARN_UNDECLARED_SELECTOR = YES;
				GCC_WARN_UNINITIALIZED_AUTOS = YES_AGGRESSIVE;
				GCC_WARN_UNUSED_FUNCTION = YES;
				GCC_WARN_UNUSED_VARIABLE = YES;
				IPHONEOS_DEPLOYMENT_TARGET = 13.4;
				MTL_ENABLE_DEBUG_INFO = INCLUDE_SOURCE;
				MTL_FAST_MATH = YES;
				ONLY_ACTIVE_ARCH = YES;
				SDKROOT = iphoneos;
				SWIFT_ACTIVE_COMPILATION_CONDITIONS = DEBUG;
				SWIFT_OPTIMIZATION_LEVEL = "-Onone";
			};
			name = Debug;
		};
		7FEF8A7824675E9E000240A0 /* Release */ = {
			isa = XCBuildConfiguration;
			buildSettings = {
				ALWAYS_SEARCH_USER_PATHS = NO;
				CLANG_ANALYZER_NONNULL = YES;
				CLANG_ANALYZER_NUMBER_OBJECT_CONVERSION = YES_AGGRESSIVE;
				CLANG_CXX_LANGUAGE_STANDARD = "gnu++14";
				CLANG_CXX_LIBRARY = "libc++";
				CLANG_ENABLE_MODULES = YES;
				CLANG_ENABLE_OBJC_ARC = YES;
				CLANG_ENABLE_OBJC_WEAK = YES;
				CLANG_WARN_BLOCK_CAPTURE_AUTORELEASING = YES;
				CLANG_WARN_BOOL_CONVERSION = YES;
				CLANG_WARN_COMMA = YES;
				CLANG_WARN_CONSTANT_CONVERSION = YES;
				CLANG_WARN_DEPRECATED_OBJC_IMPLEMENTATIONS = YES;
				CLANG_WARN_DIRECT_OBJC_ISA_USAGE = YES_ERROR;
				CLANG_WARN_DOCUMENTATION_COMMENTS = YES;
				CLANG_WARN_EMPTY_BODY = YES;
				CLANG_WARN_ENUM_CONVERSION = YES;
				CLANG_WARN_INFINITE_RECURSION = YES;
				CLANG_WARN_INT_CONVERSION = YES;
				CLANG_WARN_NON_LITERAL_NULL_CONVERSION = YES;
				CLANG_WARN_OBJC_IMPLICIT_RETAIN_SELF = YES;
				CLANG_WARN_OBJC_LITERAL_CONVERSION = YES;
				CLANG_WARN_OBJC_ROOT_CLASS = YES_ERROR;
				CLANG_WARN_RANGE_LOOP_ANALYSIS = YES;
				CLANG_WARN_STRICT_PROTOTYPES = YES;
				CLANG_WARN_SUSPICIOUS_MOVE = YES;
				CLANG_WARN_UNGUARDED_AVAILABILITY = YES_AGGRESSIVE;
				CLANG_WARN_UNREACHABLE_CODE = YES;
				CLANG_WARN__DUPLICATE_METHOD_MATCH = YES;
				COPY_PHASE_STRIP = NO;
				DEBUG_INFORMATION_FORMAT = "dwarf-with-dsym";
				ENABLE_NS_ASSERTIONS = NO;
				ENABLE_STRICT_OBJC_MSGSEND = YES;
				GCC_C_LANGUAGE_STANDARD = gnu11;
				GCC_NO_COMMON_BLOCKS = YES;
				GCC_WARN_64_TO_32_BIT_CONVERSION = YES;
				GCC_WARN_ABOUT_RETURN_TYPE = YES_ERROR;
				GCC_WARN_UNDECLARED_SELECTOR = YES;
				GCC_WARN_UNINITIALIZED_AUTOS = YES_AGGRESSIVE;
				GCC_WARN_UNUSED_FUNCTION = YES;
				GCC_WARN_UNUSED_VARIABLE = YES;
				IPHONEOS_DEPLOYMENT_TARGET = 13.4;
				MTL_ENABLE_DEBUG_INFO = NO;
				MTL_FAST_MATH = YES;
				SDKROOT = iphoneos;
				SWIFT_COMPILATION_MODE = wholemodule;
				SWIFT_OPTIMIZATION_LEVEL = "-O";
				VALIDATE_PRODUCT = YES;
			};
			name = Release;
		};
		7FEF8A7A24675E9E000240A0 /* Debug */ = {
			isa = XCBuildConfiguration;
			buildSettings = {
				ASSETCATALOG_COMPILER_APPICON_NAME = AppIcon;
				CODE_SIGN_STYLE = Automatic;
				CURRENT_PROJECT_VERSION = 1;
				DEVELOPMENT_TEAM = ER5DW7LZQ6;
				INFOPLIST_FILE = Snookr/Info.plist;
				IPHONEOS_DEPLOYMENT_TARGET = 13.4;
				LD_RUNPATH_SEARCH_PATHS = (
					"$(inherited)",
					"@executable_path/Frameworks",
				);
				MARKETING_VERSION = 2.7;
				PRODUCT_BUNDLE_IDENTIFIER = design.yinan.SnookrApp;
				PRODUCT_NAME = "$(TARGET_NAME)";
				SWIFT_VERSION = 5.0;
				TARGETED_DEVICE_FAMILY = 1;
			};
			name = Debug;
		};
		7FEF8A7B24675E9E000240A0 /* Release */ = {
			isa = XCBuildConfiguration;
			buildSettings = {
				ASSETCATALOG_COMPILER_APPICON_NAME = AppIcon;
				CODE_SIGN_STYLE = Automatic;
				CURRENT_PROJECT_VERSION = 1;
				DEVELOPMENT_TEAM = ER5DW7LZQ6;
				INFOPLIST_FILE = Snookr/Info.plist;
				IPHONEOS_DEPLOYMENT_TARGET = 13.4;
				LD_RUNPATH_SEARCH_PATHS = (
					"$(inherited)",
					"@executable_path/Frameworks",
				);
				MARKETING_VERSION = 2.7;
				PRODUCT_BUNDLE_IDENTIFIER = design.yinan.SnookrApp;
				PRODUCT_NAME = "$(TARGET_NAME)";
				SWIFT_VERSION = 5.0;
				TARGETED_DEVICE_FAMILY = 1;
			};
			name = Release;
		};
/* End XCBuildConfiguration section */

/* Begin XCConfigurationList section */
		7FEF8A6024675E9E000240A0 /* Build configuration list for PBXProject "Snookr" */ = {
			isa = XCConfigurationList;
			buildConfigurations = (
				7FEF8A7724675E9E000240A0 /* Debug */,
				7FEF8A7824675E9E000240A0 /* Release */,
			);
			defaultConfigurationIsVisible = 0;
			defaultConfigurationName = Release;
		};
		7FEF8A7924675E9E000240A0 /* Build configuration list for PBXNativeTarget "Snookr" */ = {
			isa = XCConfigurationList;
			buildConfigurations = (
				7FEF8A7A24675E9E000240A0 /* Debug */,
				7FEF8A7B24675E9E000240A0 /* Release */,
			);
			defaultConfigurationIsVisible = 0;
			defaultConfigurationName = Release;
		};
/* End XCConfigurationList section */
	};
	rootObject = 7FEF8A5D24675E9E000240A0 /* Project object */;
}
