// !$*UTF8*$!
{
	archiveVersion = 1;
	classes = {
	};
	objectVersion = 50;
	objects = {

/* Begin PBXBuildFile section */
		7F0F60A4246CB04700F4C52C /* InfoButtonView.swift in Sources */ = {isa = PBXBuildFile; fileRef = 7F0F60A3246CB04700F4C52C /* InfoButtonView.swift */; };
		7F0F60A6246CB29E00F4C52C /* ScoreboardVC+InfoButtonViewDelegate.swift in Sources */ = {isa = PBXBuildFile; fileRef = 7F0F60A5246CB29E00F4C52C /* ScoreboardVC+InfoButtonViewDelegate.swift */; };
		7F0F60A9246CB45300F4C52C /* InfoVC.swift in Sources */ = {isa = PBXBuildFile; fileRef = 7F0F60A8246CB45300F4C52C /* InfoVC.swift */; };
		7F158C89246A902100AF1D38 /* ScoreboardStackView.swift in Sources */ = {isa = PBXBuildFile; fileRef = 7F158C88246A902100AF1D38 /* ScoreboardStackView.swift */; };
		7F39EF83246BD6DA00ABB703 /* ResetConfirmView.swift in Sources */ = {isa = PBXBuildFile; fileRef = 7F39EF82246BD6DA00ABB703 /* ResetConfirmView.swift */; };
		7F39EF85246BDA0700ABB703 /* ScoreboardVC+funcViewUpdaters.swift in Sources */ = {isa = PBXBuildFile; fileRef = 7F39EF84246BDA0700ABB703 /* ScoreboardVC+funcViewUpdaters.swift */; };
		7F39EF87246BDB5200ABB703 /* ResetButton.swift in Sources */ = {isa = PBXBuildFile; fileRef = 7F39EF86246BDB5200ABB703 /* ResetButton.swift */; };
		7F3E932F246781AE0067B891 /* UIView+.swift in Sources */ = {isa = PBXBuildFile; fileRef = 7F3E932E246781AE0067B891 /* UIView+.swift */; };
		7F4A3223246A59D700BE7F97 /* SNKDimmerView.swift in Sources */ = {isa = PBXBuildFile; fileRef = 7F4A3222246A59D700BE7F97 /* SNKDimmerView.swift */; };
		7F4A3225246A666F00BE7F97 /* ScoreboardVC+UITextViewDelegate.swift in Sources */ = {isa = PBXBuildFile; fileRef = 7F4A3224246A666F00BE7F97 /* ScoreboardVC+UITextViewDelegate.swift */; };
		7F4BF460246DE33A009B2E78 /* SNKXButton.swift in Sources */ = {isa = PBXBuildFile; fileRef = 7F4BF45F246DE33A009B2E78 /* SNKXButton.swift */; };
		7F4BF463246DFFC3009B2E78 /* PointsAdderVC+PointsAdderNumberPadViewDelegate.swift in Sources */ = {isa = PBXBuildFile; fileRef = 7F4BF462246DFFC3009B2E78 /* PointsAdderVC+PointsAdderNumberPadViewDelegate.swift */; };
		7F52C2CE2468BC5500C76C1E /* ScoreInfoView.swift in Sources */ = {isa = PBXBuildFile; fileRef = 7F52C2CD2468BC5500C76C1E /* ScoreInfoView.swift */; };
		7F52C2D12468BCC000C76C1E /* ScoreButtonsView.swift in Sources */ = {isa = PBXBuildFile; fileRef = 7F52C2D02468BCC000C76C1E /* ScoreButtonsView.swift */; };
		7F52C2D32468BE0300C76C1E /* PlayerNamesView.swift in Sources */ = {isa = PBXBuildFile; fileRef = 7F52C2D22468BE0300C76C1E /* PlayerNamesView.swift */; };
		7F6AE51D2468C5F300767F7C /* UndoButtonsView.swift in Sources */ = {isa = PBXBuildFile; fileRef = 7F6AE51C2468C5F300767F7C /* UndoButtonsView.swift */; };
		7F6AE52124690BA000767F7C /* UIStackView+.swift in Sources */ = {isa = PBXBuildFile; fileRef = 7F6AE52024690BA000767F7C /* UIStackView+.swift */; };
		7F6AE52324690F9800767F7C /* SeparatorView.swift in Sources */ = {isa = PBXBuildFile; fileRef = 7F6AE52224690F9800767F7C /* SeparatorView.swift */; };
		7F6AE526246931DD00767F7C /* SNKTextView.swift in Sources */ = {isa = PBXBuildFile; fileRef = 7F6AE525246931DD00767F7C /* SNKTextView.swift */; };
		7F98D7FD246AA68700E48149 /* SNKInfoButton.swift in Sources */ = {isa = PBXBuildFile; fileRef = 7F98D7FC246AA68700E48149 /* SNKInfoButton.swift */; };
		7FACBEC3246CC437004E9137 /* PointsAdderVC.swift in Sources */ = {isa = PBXBuildFile; fileRef = 7FACBEC2246CC437004E9137 /* PointsAdderVC.swift */; };
		7FACBEC6246CE753004E9137 /* PointsAdderHeaderView.swift in Sources */ = {isa = PBXBuildFile; fileRef = 7FACBEC5246CE753004E9137 /* PointsAdderHeaderView.swift */; };
		7FACBEC8246CF01C004E9137 /* PointsAdderNumberPadView.swift in Sources */ = {isa = PBXBuildFile; fileRef = 7FACBEC7246CF01C004E9137 /* PointsAdderNumberPadView.swift */; };
		7FACBECD246D274D004E9137 /* SNKNumberPadButton.swift in Sources */ = {isa = PBXBuildFile; fileRef = 7FACBECC246D274D004E9137 /* SNKNumberPadButton.swift */; };
		7FCB0F81246BDE2F00562636 /* ScoreboardVC+ResetButtonDelegate.swift in Sources */ = {isa = PBXBuildFile; fileRef = 7FCB0F80246BDE2F00562636 /* ScoreboardVC+ResetButtonDelegate.swift */; };
		7FD2BC00246BE47300C44D26 /* ScoreboardVC+funcPersistence.swift in Sources */ = {isa = PBXBuildFile; fileRef = 7FD2BBFF246BE47300C44D26 /* ScoreboardVC+funcPersistence.swift */; };
		7FE085CB246B8FCD00AB5010 /* ScoreboardVC+ScoreButtonsViewDelegate.swift in Sources */ = {isa = PBXBuildFile; fileRef = 7FE085CA246B8FCD00AB5010 /* ScoreboardVC+ScoreButtonsViewDelegate.swift */; };
		7FE085CD246BBEBE00AB5010 /* ScoreboardVC+UndoButtonsViewDelegate.swift in Sources */ = {isa = PBXBuildFile; fileRef = 7FE085CC246BBEBE00AB5010 /* ScoreboardVC+UndoButtonsViewDelegate.swift */; };
		7FEF8A6924675E9E000240A0 /* AppDelegate.swift in Sources */ = {isa = PBXBuildFile; fileRef = 7FEF8A6824675E9E000240A0 /* AppDelegate.swift */; };
		7FEF8A6B24675E9E000240A0 /* SceneDelegate.swift in Sources */ = {isa = PBXBuildFile; fileRef = 7FEF8A6A24675E9E000240A0 /* SceneDelegate.swift */; };
		7FEF8A7224675E9E000240A0 /* Assets.xcassets in Resources */ = {isa = PBXBuildFile; fileRef = 7FEF8A7124675E9E000240A0 /* Assets.xcassets */; };
		7FEF8A7524675E9E000240A0 /* LaunchScreen.storyboard in Resources */ = {isa = PBXBuildFile; fileRef = 7FEF8A7324675E9E000240A0 /* LaunchScreen.storyboard */; };
		7FEF8A7E2467601B000240A0 /* ScoreboardVC.swift in Sources */ = {isa = PBXBuildFile; fileRef = 7FEF8A7D2467601B000240A0 /* ScoreboardVC.swift */; };
		7FEF8A8124676082000240A0 /* Constants.swift in Sources */ = {isa = PBXBuildFile; fileRef = 7FEF8A8024676082000240A0 /* Constants.swift */; };
		7FEF8A8424676163000240A0 /* Player.swift in Sources */ = {isa = PBXBuildFile; fileRef = 7FEF8A8324676163000240A0 /* Player.swift */; };
		7FEF8A8A2467638D000240A0 /* ScoresView.swift in Sources */ = {isa = PBXBuildFile; fileRef = 7FEF8A892467638D000240A0 /* ScoresView.swift */; };
		7FEF8A8C246763C2000240A0 /* ScoreDifView.swift in Sources */ = {isa = PBXBuildFile; fileRef = 7FEF8A8B246763C2000240A0 /* ScoreDifView.swift */; };
		7FEF8A8E24676402000240A0 /* ScoreHistoryView.swift in Sources */ = {isa = PBXBuildFile; fileRef = 7FEF8A8D24676402000240A0 /* ScoreHistoryView.swift */; };
		7FEF8A9024676429000240A0 /* SNKButton.swift in Sources */ = {isa = PBXBuildFile; fileRef = 7FEF8A8F24676429000240A0 /* SNKButton.swift */; };
		7FEF8A94246764A5000240A0 /* SNKLabel.swift in Sources */ = {isa = PBXBuildFile; fileRef = 7FEF8A93246764A5000240A0 /* SNKLabel.swift */; };
		7FEF8A9624676FC1000240A0 /* SNKScoreButton.swift in Sources */ = {isa = PBXBuildFile; fileRef = 7FEF8A9524676FC1000240A0 /* SNKScoreButton.swift */; };
/* End PBXBuildFile section */

/* Begin PBXFileReference section */
		7F0F60A3246CB04700F4C52C /* InfoButtonView.swift */ = {isa = PBXFileReference; lastKnownFileType = sourcecode.swift; path = InfoButtonView.swift; sourceTree = "<group>"; };
		7F0F60A5246CB29E00F4C52C /* ScoreboardVC+InfoButtonViewDelegate.swift */ = {isa = PBXFileReference; lastKnownFileType = sourcecode.swift; path = "ScoreboardVC+InfoButtonViewDelegate.swift"; sourceTree = "<group>"; };
		7F0F60A8246CB45300F4C52C /* InfoVC.swift */ = {isa = PBXFileReference; lastKnownFileType = sourcecode.swift; path = InfoVC.swift; sourceTree = "<group>"; };
		7F158C88246A902100AF1D38 /* ScoreboardStackView.swift */ = {isa = PBXFileReference; lastKnownFileType = sourcecode.swift; path = ScoreboardStackView.swift; sourceTree = "<group>"; };
		7F39EF82246BD6DA00ABB703 /* ResetConfirmView.swift */ = {isa = PBXFileReference; lastKnownFileType = sourcecode.swift; path = ResetConfirmView.swift; sourceTree = "<group>"; };
		7F39EF84246BDA0700ABB703 /* ScoreboardVC+funcViewUpdaters.swift */ = {isa = PBXFileReference; lastKnownFileType = sourcecode.swift; path = "ScoreboardVC+funcViewUpdaters.swift"; sourceTree = "<group>"; };
		7F39EF86246BDB5200ABB703 /* ResetButton.swift */ = {isa = PBXFileReference; lastKnownFileType = sourcecode.swift; path = ResetButton.swift; sourceTree = "<group>"; };
		7F3E932E246781AE0067B891 /* UIView+.swift */ = {isa = PBXFileReference; lastKnownFileType = sourcecode.swift; path = "UIView+.swift"; sourceTree = "<group>"; };
		7F4A3222246A59D700BE7F97 /* SNKDimmerView.swift */ = {isa = PBXFileReference; lastKnownFileType = sourcecode.swift; path = SNKDimmerView.swift; sourceTree = "<group>"; };
		7F4A3224246A666F00BE7F97 /* ScoreboardVC+UITextViewDelegate.swift */ = {isa = PBXFileReference; lastKnownFileType = sourcecode.swift; path = "ScoreboardVC+UITextViewDelegate.swift"; sourceTree = "<group>"; };
		7F4BF45F246DE33A009B2E78 /* SNKXButton.swift */ = {isa = PBXFileReference; lastKnownFileType = sourcecode.swift; path = SNKXButton.swift; sourceTree = "<group>"; };
		7F4BF462246DFFC3009B2E78 /* PointsAdderVC+PointsAdderNumberPadViewDelegate.swift */ = {isa = PBXFileReference; lastKnownFileType = sourcecode.swift; path = "PointsAdderVC+PointsAdderNumberPadViewDelegate.swift"; sourceTree = "<group>"; };
		7F52C2CD2468BC5500C76C1E /* ScoreInfoView.swift */ = {isa = PBXFileReference; lastKnownFileType = sourcecode.swift; path = ScoreInfoView.swift; sourceTree = "<group>"; };
		7F52C2D02468BCC000C76C1E /* ScoreButtonsView.swift */ = {isa = PBXFileReference; lastKnownFileType = sourcecode.swift; path = ScoreButtonsView.swift; sourceTree = "<group>"; };
		7F52C2D22468BE0300C76C1E /* PlayerNamesView.swift */ = {isa = PBXFileReference; lastKnownFileType = sourcecode.swift; path = PlayerNamesView.swift; sourceTree = "<group>"; };
		7F6AE51C2468C5F300767F7C /* UndoButtonsView.swift */ = {isa = PBXFileReference; lastKnownFileType = sourcecode.swift; path = UndoButtonsView.swift; sourceTree = "<group>"; };
		7F6AE52024690BA000767F7C /* UIStackView+.swift */ = {isa = PBXFileReference; lastKnownFileType = sourcecode.swift; path = "UIStackView+.swift"; sourceTree = "<group>"; };
		7F6AE52224690F9800767F7C /* SeparatorView.swift */ = {isa = PBXFileReference; lastKnownFileType = sourcecode.swift; path = SeparatorView.swift; sourceTree = "<group>"; };
		7F6AE525246931DD00767F7C /* SNKTextView.swift */ = {isa = PBXFileReference; lastKnownFileType = sourcecode.swift; path = SNKTextView.swift; sourceTree = "<group>"; };
		7F98D7FC246AA68700E48149 /* SNKInfoButton.swift */ = {isa = PBXFileReference; lastKnownFileType = sourcecode.swift; path = SNKInfoButton.swift; sourceTree = "<group>"; };
		7FACBEC2246CC437004E9137 /* PointsAdderVC.swift */ = {isa = PBXFileReference; lastKnownFileType = sourcecode.swift; path = PointsAdderVC.swift; sourceTree = "<group>"; };
		7FACBEC5246CE753004E9137 /* PointsAdderHeaderView.swift */ = {isa = PBXFileReference; lastKnownFileType = sourcecode.swift; path = PointsAdderHeaderView.swift; sourceTree = "<group>"; };
		7FACBEC7246CF01C004E9137 /* PointsAdderNumberPadView.swift */ = {isa = PBXFileReference; lastKnownFileType = sourcecode.swift; path = PointsAdderNumberPadView.swift; sourceTree = "<group>"; };
		7FACBECC246D274D004E9137 /* SNKNumberPadButton.swift */ = {isa = PBXFileReference; lastKnownFileType = sourcecode.swift; path = SNKNumberPadButton.swift; sourceTree = "<group>"; };
		7FCB0F80246BDE2F00562636 /* ScoreboardVC+ResetButtonDelegate.swift */ = {isa = PBXFileReference; lastKnownFileType = sourcecode.swift; path = "ScoreboardVC+ResetButtonDelegate.swift"; sourceTree = "<group>"; };
		7FD2BBFF246BE47300C44D26 /* ScoreboardVC+funcPersistence.swift */ = {isa = PBXFileReference; lastKnownFileType = sourcecode.swift; path = "ScoreboardVC+funcPersistence.swift"; sourceTree = "<group>"; };
		7FE085CA246B8FCD00AB5010 /* ScoreboardVC+ScoreButtonsViewDelegate.swift */ = {isa = PBXFileReference; lastKnownFileType = sourcecode.swift; path = "ScoreboardVC+ScoreButtonsViewDelegate.swift"; sourceTree = "<group>"; };
		7FE085CC246BBEBE00AB5010 /* ScoreboardVC+UndoButtonsViewDelegate.swift */ = {isa = PBXFileReference; lastKnownFileType = sourcecode.swift; path = "ScoreboardVC+UndoButtonsViewDelegate.swift"; sourceTree = "<group>"; };
		7FEF8A6524675E9E000240A0 /* Snookr.app */ = {isa = PBXFileReference; explicitFileType = wrapper.application; includeInIndex = 0; path = Snookr.app; sourceTree = BUILT_PRODUCTS_DIR; };
		7FEF8A6824675E9E000240A0 /* AppDelegate.swift */ = {isa = PBXFileReference; lastKnownFileType = sourcecode.swift; path = AppDelegate.swift; sourceTree = "<group>"; };
		7FEF8A6A24675E9E000240A0 /* SceneDelegate.swift */ = {isa = PBXFileReference; lastKnownFileType = sourcecode.swift; path = SceneDelegate.swift; sourceTree = "<group>"; };
		7FEF8A7124675E9E000240A0 /* Assets.xcassets */ = {isa = PBXFileReference; lastKnownFileType = folder.assetcatalog; path = Assets.xcassets; sourceTree = "<group>"; };
		7FEF8A7424675E9E000240A0 /* Base */ = {isa = PBXFileReference; lastKnownFileType = file.storyboard; name = Base; path = Base.lproj/LaunchScreen.storyboard; sourceTree = "<group>"; };
		7FEF8A7624675E9E000240A0 /* Info.plist */ = {isa = PBXFileReference; lastKnownFileType = text.plist.xml; path = Info.plist; sourceTree = "<group>"; };
		7FEF8A7D2467601B000240A0 /* ScoreboardVC.swift */ = {isa = PBXFileReference; lastKnownFileType = sourcecode.swift; path = ScoreboardVC.swift; sourceTree = "<group>"; };
		7FEF8A8024676082000240A0 /* Constants.swift */ = {isa = PBXFileReference; lastKnownFileType = sourcecode.swift; path = Constants.swift; sourceTree = "<group>"; };
		7FEF8A8324676163000240A0 /* Player.swift */ = {isa = PBXFileReference; lastKnownFileType = sourcecode.swift; path = Player.swift; sourceTree = "<group>"; };
		7FEF8A892467638D000240A0 /* ScoresView.swift */ = {isa = PBXFileReference; lastKnownFileType = sourcecode.swift; path = ScoresView.swift; sourceTree = "<group>"; };
		7FEF8A8B246763C2000240A0 /* ScoreDifView.swift */ = {isa = PBXFileReference; lastKnownFileType = sourcecode.swift; path = ScoreDifView.swift; sourceTree = "<group>"; };
		7FEF8A8D24676402000240A0 /* ScoreHistoryView.swift */ = {isa = PBXFileReference; lastKnownFileType = sourcecode.swift; path = ScoreHistoryView.swift; sourceTree = "<group>"; };
		7FEF8A8F24676429000240A0 /* SNKButton.swift */ = {isa = PBXFileReference; lastKnownFileType = sourcecode.swift; path = SNKButton.swift; sourceTree = "<group>"; };
		7FEF8A93246764A5000240A0 /* SNKLabel.swift */ = {isa = PBXFileReference; lastKnownFileType = sourcecode.swift; path = SNKLabel.swift; sourceTree = "<group>"; };
		7FEF8A9524676FC1000240A0 /* SNKScoreButton.swift */ = {isa = PBXFileReference; lastKnownFileType = sourcecode.swift; path = SNKScoreButton.swift; sourceTree = "<group>"; };
/* End PBXFileReference section */

/* Begin PBXFrameworksBuildPhase section */
		7FEF8A6224675E9E000240A0 /* Frameworks */ = {
			isa = PBXFrameworksBuildPhase;
			buildActionMask = 2147483647;
			files = (
			);
			runOnlyForDeploymentPostprocessing = 0;
		};
/* End PBXFrameworksBuildPhase section */

/* Begin PBXGroup section */
		7F0F60A7246CB41A00F4C52C /* SocreboardVC Extensions */ = {
			isa = PBXGroup;
			children = (
				7FD2BBFF246BE47300C44D26 /* ScoreboardVC+funcPersistence.swift */,
				7F39EF84246BDA0700ABB703 /* ScoreboardVC+funcViewUpdaters.swift */,
				7F4A3224246A666F00BE7F97 /* ScoreboardVC+UITextViewDelegate.swift */,
				7FE085CC246BBEBE00AB5010 /* ScoreboardVC+UndoButtonsViewDelegate.swift */,
				7FE085CA246B8FCD00AB5010 /* ScoreboardVC+ScoreButtonsViewDelegate.swift */,
				7F0F60A5246CB29E00F4C52C /* ScoreboardVC+InfoButtonViewDelegate.swift */,
				7FCB0F80246BDE2F00562636 /* ScoreboardVC+ResetButtonDelegate.swift */,
			);
			path = "SocreboardVC Extensions";
			sourceTree = "<group>";
		};
		7F0F60AA246CB46800F4C52C /* ScoreboardVC */ = {
			isa = PBXGroup;
			children = (
				7FEF8A7D2467601B000240A0 /* ScoreboardVC.swift */,
				7F0F60A7246CB41A00F4C52C /* SocreboardVC Extensions */,
				7FEF8A852467617F000240A0 /* ScoreboardVC Subviews */,
			);
			path = ScoreboardVC;
			sourceTree = "<group>";
		};
		7F0F60AB246CB47500F4C52C /* InfoVC */ = {
			isa = PBXGroup;
			children = (
				7F0F60A8246CB45300F4C52C /* InfoVC.swift */,
			);
			path = InfoVC;
			sourceTree = "<group>";
		};
		7F158C8A246A902C00AF1D38 /* ScoreboardStackView */ = {
			isa = PBXGroup;
			children = (
				7F52C2CD2468BC5500C76C1E /* ScoreInfoView.swift */,
				7F52C2CF2468BC7300C76C1E /* ScoreInfoView */,
				7F52C2D02468BCC000C76C1E /* ScoreButtonsView.swift */,
				7F0F60A3246CB04700F4C52C /* InfoButtonView.swift */,
			);
			path = ScoreboardStackView;
			sourceTree = "<group>";
		};
		7F3E932D2467815B0067B891 /* Extensions */ = {
			isa = PBXGroup;
			children = (
				7F3E932E246781AE0067B891 /* UIView+.swift */,
				7F6AE52024690BA000767F7C /* UIStackView+.swift */,
			);
			path = Extensions;
			sourceTree = "<group>";
		};
		7F4A3221246A59C100BE7F97 /* Views */ = {
			isa = PBXGroup;
			children = (
				7F4A3222246A59D700BE7F97 /* SNKDimmerView.swift */,
			);
			path = Views;
			sourceTree = "<group>";
		};
		7F4BF461246DFFA2009B2E78 /* PointsAdderVC Extensions */ = {
			isa = PBXGroup;
			children = (
				7F4BF462246DFFC3009B2E78 /* PointsAdderVC+PointsAdderNumberPadViewDelegate.swift */,
			);
			path = "PointsAdderVC Extensions";
			sourceTree = "<group>";
		};
		7F52C2CF2468BC7300C76C1E /* ScoreInfoView */ = {
			isa = PBXGroup;
			children = (
				7F52C2D22468BE0300C76C1E /* PlayerNamesView.swift */,
				7FEF8A892467638D000240A0 /* ScoresView.swift */,
				7F52C2D42468BE0E00C76C1E /* ScoresView */,
				7FEF8A8D24676402000240A0 /* ScoreHistoryView.swift */,
				7F6AE51C2468C5F300767F7C /* UndoButtonsView.swift */,
			);
			path = ScoreInfoView;
			sourceTree = "<group>";
		};
		7F52C2D42468BE0E00C76C1E /* ScoresView */ = {
			isa = PBXGroup;
			children = (
				7FEF8A8B246763C2000240A0 /* ScoreDifView.swift */,
			);
			path = ScoresView;
			sourceTree = "<group>";
		};
		7F6AE5242469319A00767F7C /* TextViews */ = {
			isa = PBXGroup;
			children = (
				7F6AE525246931DD00767F7C /* SNKTextView.swift */,
			);
			path = TextViews;
			sourceTree = "<group>";
		};
		7FACBEC1246CC3B7004E9137 /* PointsAdderVC */ = {
			isa = PBXGroup;
			children = (
				7FACBEC2246CC437004E9137 /* PointsAdderVC.swift */,
				7F4BF461246DFFA2009B2E78 /* PointsAdderVC Extensions */,
				7FACBEC4246CE71F004E9137 /* PointsAdderVC Subviews */,
			);
			path = PointsAdderVC;
			sourceTree = "<group>";
		};
		7FACBEC4246CE71F004E9137 /* PointsAdderVC Subviews */ = {
			isa = PBXGroup;
			children = (
				7FACBEC5246CE753004E9137 /* PointsAdderHeaderView.swift */,
				7FACBEC7246CF01C004E9137 /* PointsAdderNumberPadView.swift */,
			);
			path = "PointsAdderVC Subviews";
			sourceTree = "<group>";
		};
		7FEF8A5C24675E9E000240A0 = {
			isa = PBXGroup;
			children = (
				7FEF8A6724675E9E000240A0 /* Snookr */,
				7FEF8A6624675E9E000240A0 /* Products */,
			);
			sourceTree = "<group>";
		};
		7FEF8A6624675E9E000240A0 /* Products */ = {
			isa = PBXGroup;
			children = (
				7FEF8A6524675E9E000240A0 /* Snookr.app */,
			);
			name = Products;
			sourceTree = "<group>";
		};
		7FEF8A6724675E9E000240A0 /* Snookr */ = {
			isa = PBXGroup;
			children = (
				7FEF8A6824675E9E000240A0 /* AppDelegate.swift */,
				7FEF8A6A24675E9E000240A0 /* SceneDelegate.swift */,
				7FEF8A7124675E9E000240A0 /* Assets.xcassets */,
				7FEF8A7324675E9E000240A0 /* LaunchScreen.storyboard */,
				7FEF8A7624675E9E000240A0 /* Info.plist */,
				7FEF8A7F24676070000240A0 /* Constants */,
				7FEF8A8224676108000240A0 /* Models */,
				7FEF8A7C24676002000240A0 /* View Controllers */,
				7FEF8A8824676338000240A0 /* Custom Views */,
				7F3E932D2467815B0067B891 /* Extensions */,
			);
			path = Snookr;
			sourceTree = "<group>";
		};
		7FEF8A7C24676002000240A0 /* View Controllers */ = {
			isa = PBXGroup;
			children = (
				7F0F60AA246CB46800F4C52C /* ScoreboardVC */,
				7FACBEC1246CC3B7004E9137 /* PointsAdderVC */,
				7F0F60AB246CB47500F4C52C /* InfoVC */,
			);
			path = "View Controllers";
			sourceTree = "<group>";
		};
		7FEF8A7F24676070000240A0 /* Constants */ = {
			isa = PBXGroup;
			children = (
				7FEF8A8024676082000240A0 /* Constants.swift */,
			);
			path = Constants;
			sourceTree = "<group>";
		};
		7FEF8A8224676108000240A0 /* Models */ = {
			isa = PBXGroup;
			children = (
				7FEF8A8324676163000240A0 /* Player.swift */,
			);
			path = Models;
			sourceTree = "<group>";
		};
		7FEF8A852467617F000240A0 /* ScoreboardVC Subviews */ = {
			isa = PBXGroup;
			children = (
				7F6AE52224690F9800767F7C /* SeparatorView.swift */,
				7F158C88246A902100AF1D38 /* ScoreboardStackView.swift */,
				7F158C8A246A902C00AF1D38 /* ScoreboardStackView */,
				7F39EF86246BDB5200ABB703 /* ResetButton.swift */,
				7F39EF82246BD6DA00ABB703 /* ResetConfirmView.swift */,
			);
			path = "ScoreboardVC Subviews";
			sourceTree = "<group>";
		};
		7FEF8A8824676338000240A0 /* Custom Views */ = {
			isa = PBXGroup;
			children = (
				7FEF8A9724676FD5000240A0 /* Buttons */,
				7FEF8A9824676FE5000240A0 /* Labels */,
				7F6AE5242469319A00767F7C /* TextViews */,
				7F4A3221246A59C100BE7F97 /* Views */,
			);
			path = "Custom Views";
			sourceTree = "<group>";
		};
		7FEF8A9724676FD5000240A0 /* Buttons */ = {
			isa = PBXGroup;
			children = (
				7FEF8A8F24676429000240A0 /* SNKButton.swift */,
				7F98D7FC246AA68700E48149 /* SNKInfoButton.swift */,
				7FACBECC246D274D004E9137 /* SNKNumberPadButton.swift */,
				7FEF8A9524676FC1000240A0 /* SNKScoreButton.swift */,
				7F4BF45F246DE33A009B2E78 /* SNKXButton.swift */,
			);
			path = Buttons;
			sourceTree = "<group>";
		};
		7FEF8A9824676FE5000240A0 /* Labels */ = {
			isa = PBXGroup;
			children = (
				7FEF8A93246764A5000240A0 /* SNKLabel.swift */,
			);
			path = Labels;
			sourceTree = "<group>";
		};
/* End PBXGroup section */

/* Begin PBXNativeTarget section */
		7FEF8A6424675E9E000240A0 /* Snookr */ = {
			isa = PBXNativeTarget;
			buildConfigurationList = 7FEF8A7924675E9E000240A0 /* Build configuration list for PBXNativeTarget "Snookr" */;
			buildPhases = (
				7FEF8A6124675E9E000240A0 /* Sources */,
				7FEF8A6224675E9E000240A0 /* Frameworks */,
				7FEF8A6324675E9E000240A0 /* Resources */,
			);
			buildRules = (
			);
			dependencies = (
			);
			name = Snookr;
			productName = Snookr;
			productReference = 7FEF8A6524675E9E000240A0 /* Snookr.app */;
			productType = "com.apple.product-type.application";
		};
/* End PBXNativeTarget section */

/* Begin PBXProject section */
		7FEF8A5D24675E9E000240A0 /* Project object */ = {
			isa = PBXProject;
			attributes = {
				LastSwiftUpdateCheck = 1140;
				LastUpgradeCheck = 1140;
				ORGANIZATIONNAME = Yinan;
				TargetAttributes = {
					7FEF8A6424675E9E000240A0 = {
						CreatedOnToolsVersion = 11.4.1;
					};
				};
			};
			buildConfigurationList = 7FEF8A6024675E9E000240A0 /* Build configuration list for PBXProject "Snookr" */;
			compatibilityVersion = "Xcode 9.3";
			developmentRegion = en;
			hasScannedForEncodings = 0;
			knownRegions = (
				en,
				Base,
			);
			mainGroup = 7FEF8A5C24675E9E000240A0;
			productRefGroup = 7FEF8A6624675E9E000240A0 /* Products */;
			projectDirPath = "";
			projectRoot = "";
			targets = (
				7FEF8A6424675E9E000240A0 /* Snookr */,
			);
		};
/* End PBXProject section */

/* Begin PBXResourcesBuildPhase section */
		7FEF8A6324675E9E000240A0 /* Resources */ = {
			isa = PBXResourcesBuildPhase;
			buildActionMask = 2147483647;
			files = (
				7FEF8A7524675E9E000240A0 /* LaunchScreen.storyboard in Resources */,
				7FEF8A7224675E9E000240A0 /* Assets.xcassets in Resources */,
			);
			runOnlyForDeploymentPostprocessing = 0;
		};
/* End PBXResourcesBuildPhase section */

/* Begin PBXSourcesBuildPhase section */
		7FEF8A6124675E9E000240A0 /* Sources */ = {
			isa = PBXSourcesBuildPhase;
			buildActionMask = 2147483647;
			files = (
				7FE085CD246BBEBE00AB5010 /* ScoreboardVC+UndoButtonsViewDelegate.swift in Sources */,
				7F4BF460246DE33A009B2E78 /* SNKXButton.swift in Sources */,
				7F0F60A9246CB45300F4C52C /* InfoVC.swift in Sources */,
				7F4BF463246DFFC3009B2E78 /* PointsAdderVC+PointsAdderNumberPadViewDelegate.swift in Sources */,
				7F6AE52124690BA000767F7C /* UIStackView+.swift in Sources */,
				7F3E932F246781AE0067B891 /* UIView+.swift in Sources */,
				7FEF8A8A2467638D000240A0 /* ScoresView.swift in Sources */,
				7FD2BC00246BE47300C44D26 /* ScoreboardVC+funcPersistence.swift in Sources */,
				7FEF8A8E24676402000240A0 /* ScoreHistoryView.swift in Sources */,
				7FCB0F81246BDE2F00562636 /* ScoreboardVC+ResetButtonDelegate.swift in Sources */,
				7F158C89246A902100AF1D38 /* ScoreboardStackView.swift in Sources */,
				7F52C2D12468BCC000C76C1E /* ScoreButtonsView.swift in Sources */,
				7F4A3223246A59D700BE7F97 /* SNKDimmerView.swift in Sources */,
				7F0F60A6246CB29E00F4C52C /* ScoreboardVC+InfoButtonViewDelegate.swift in Sources */,
				7FACBEC6246CE753004E9137 /* PointsAdderHeaderView.swift in Sources */,
				7F6AE51D2468C5F300767F7C /* UndoButtonsView.swift in Sources */,
				7FEF8A8124676082000240A0 /* Constants.swift in Sources */,
				7FACBEC8246CF01C004E9137 /* PointsAdderNumberPadView.swift in Sources */,
				7F98D7FD246AA68700E48149 /* SNKInfoButton.swift in Sources */,
				7F39EF87246BDB5200ABB703 /* ResetButton.swift in Sources */,
				7FEF8A9624676FC1000240A0 /* SNKScoreButton.swift in Sources */,
				7FEF8A94246764A5000240A0 /* SNKLabel.swift in Sources */,
				7F6AE526246931DD00767F7C /* SNKTextView.swift in Sources */,
				7FE085CB246B8FCD00AB5010 /* ScoreboardVC+ScoreButtonsViewDelegate.swift in Sources */,
				7FACBEC3246CC437004E9137 /* PointsAdderVC.swift in Sources */,
				7FACBECD246D274D004E9137 /* SNKNumberPadButton.swift in Sources */,
				7F39EF85246BDA0700ABB703 /* ScoreboardVC+funcViewUpdaters.swift in Sources */,
				7FEF8A9024676429000240A0 /* SNKButton.swift in Sources */,
				7FEF8A6924675E9E000240A0 /* AppDelegate.swift in Sources */,
				7FEF8A7E2467601B000240A0 /* ScoreboardVC.swift in Sources */,
				7F6AE52324690F9800767F7C /* SeparatorView.swift in Sources */,
				7F0F60A4246CB04700F4C52C /* InfoButtonView.swift in Sources */,
				7FEF8A8424676163000240A0 /* Player.swift in Sources */,
				7F52C2D32468BE0300C76C1E /* PlayerNamesView.swift in Sources */,
				7F4A3225246A666F00BE7F97 /* ScoreboardVC+UITextViewDelegate.swift in Sources */,
				7FEF8A6B24675E9E000240A0 /* SceneDelegate.swift in Sources */,
				7FEF8A8C246763C2000240A0 /* ScoreDifView.swift in Sources */,
				7F52C2CE2468BC5500C76C1E /* ScoreInfoView.swift in Sources */,
				7F39EF83246BD6DA00ABB703 /* ResetConfirmView.swift in Sources */,
			);
			runOnlyForDeploymentPostprocessing = 0;
		};
/* End PBXSourcesBuildPhase section */

/* Begin PBXVariantGroup section */
		7FEF8A7324675E9E000240A0 /* LaunchScreen.storyboard */ = {
			isa = PBXVariantGroup;
			children = (
				7FEF8A7424675E9E000240A0 /* Base */,
			);
			name = LaunchScreen.storyboard;
			sourceTree = "<group>";
		};
/* End PBXVariantGroup section */

/* Begin XCBuildConfiguration section */
		7FEF8A7724675E9E000240A0 /* Debug */ = {
			isa = XCBuildConfiguration;
			buildSettings = {
				ALWAYS_SEARCH_USER_PATHS = NO;
				CLANG_ANALYZER_NONNULL = YES;
				CLANG_ANALYZER_NUMBER_OBJECT_CONVERSION = YES_AGGRESSIVE;
				CLANG_CXX_LANGUAGE_STANDARD = "gnu++14";
				CLANG_CXX_LIBRARY = "libc++";
				CLANG_ENABLE_MODULES = YES;
				CLANG_ENABLE_OBJC_ARC = YES;
				CLANG_ENABLE_OBJC_WEAK = YES;
				CLANG_WARN_BLOCK_CAPTURE_AUTORELEASING = YES;
				CLANG_WARN_BOOL_CONVERSION = YES;
				CLANG_WARN_COMMA = YES;
				CLANG_WARN_CONSTANT_CONVERSION = YES;
				CLANG_WARN_DEPRECATED_OBJC_IMPLEMENTATIONS = YES;
				CLANG_WARN_DIRECT_OBJC_ISA_USAGE = YES_ERROR;
				CLANG_WARN_DOCUMENTATION_COMMENTS = YES;
				CLANG_WARN_EMPTY_BODY = YES;
				CLANG_WARN_ENUM_CONVERSION = YES;
				CLANG_WARN_INFINITE_RECURSION = YES;
				CLANG_WARN_INT_CONVERSION = YES;
				CLANG_WARN_NON_LITERAL_NULL_CONVERSION = YES;
				CLANG_WARN_OBJC_IMPLICIT_RETAIN_SELF = YES;
				CLANG_WARN_OBJC_LITERAL_CONVERSION = YES;
				CLANG_WARN_OBJC_ROOT_CLASS = YES_ERROR;
				CLANG_WARN_RANGE_LOOP_ANALYSIS = YES;
				CLANG_WARN_STRICT_PROTOTYPES = YES;
				CLANG_WARN_SUSPICIOUS_MOVE = YES;
				CLANG_WARN_UNGUARDED_AVAILABILITY = YES_AGGRESSIVE;
				CLANG_WARN_UNREACHABLE_CODE = YES;
				CLANG_WARN__DUPLICATE_METHOD_MATCH = YES;
				COPY_PHASE_STRIP = NO;
				DEBUG_INFORMATION_FORMAT = dwarf;
				ENABLE_STRICT_OBJC_MSGSEND = YES;
				ENABLE_TESTABILITY = YES;
				GCC_C_LANGUAGE_STANDARD = gnu11;
				GCC_DYNAMIC_NO_PIC = NO;
				GCC_NO_COMMON_BLOCKS = YES;
				GCC_OPTIMIZATION_LEVEL = 0;
				GCC_PREPROCESSOR_DEFINITIONS = (
					"DEBUG=1",
					"$(inherited)",
				);
				GCC_WARN_64_TO_32_BIT_CONVERSION = YES;
				GCC_WARN_ABOUT_RETURN_TYPE = YES_ERROR;
				GCC_WARN_UNDECLARED_SELECTOR = YES;
				GCC_WARN_UNINITIALIZED_AUTOS = YES_AGGRESSIVE;
				GCC_WARN_UNUSED_FUNCTION = YES;
				GCC_WARN_UNUSED_VARIABLE = YES;
				IPHONEOS_DEPLOYMENT_TARGET = 13.4;
				MTL_ENABLE_DEBUG_INFO = INCLUDE_SOURCE;
				MTL_FAST_MATH = YES;
				ONLY_ACTIVE_ARCH = YES;
				SDKROOT = iphoneos;
				SWIFT_ACTIVE_COMPILATION_CONDITIONS = DEBUG;
				SWIFT_OPTIMIZATION_LEVEL = "-Onone";
			};
			name = Debug;
		};
		7FEF8A7824675E9E000240A0 /* Release */ = {
			isa = XCBuildConfiguration;
			buildSettings = {
				ALWAYS_SEARCH_USER_PATHS = NO;
				CLANG_ANALYZER_NONNULL = YES;
				CLANG_ANALYZER_NUMBER_OBJECT_CONVERSION = YES_AGGRESSIVE;
				CLANG_CXX_LANGUAGE_STANDARD = "gnu++14";
				CLANG_CXX_LIBRARY = "libc++";
				CLANG_ENABLE_MODULES = YES;
				CLANG_ENABLE_OBJC_ARC = YES;
				CLANG_ENABLE_OBJC_WEAK = YES;
				CLANG_WARN_BLOCK_CAPTURE_AUTORELEASING = YES;
				CLANG_WARN_BOOL_CONVERSION = YES;
				CLANG_WARN_COMMA = YES;
				CLANG_WARN_CONSTANT_CONVERSION = YES;
				CLANG_WARN_DEPRECATED_OBJC_IMPLEMENTATIONS = YES;
				CLANG_WARN_DIRECT_OBJC_ISA_USAGE = YES_ERROR;
				CLANG_WARN_DOCUMENTATION_COMMENTS = YES;
				CLANG_WARN_EMPTY_BODY = YES;
				CLANG_WARN_ENUM_CONVERSION = YES;
				CLANG_WARN_INFINITE_RECURSION = YES;
				CLANG_WARN_INT_CONVERSION = YES;
				CLANG_WARN_NON_LITERAL_NULL_CONVERSION = YES;
				CLANG_WARN_OBJC_IMPLICIT_RETAIN_SELF = YES;
				CLANG_WARN_OBJC_LITERAL_CONVERSION = YES;
				CLANG_WARN_OBJC_ROOT_CLASS = YES_ERROR;
				CLANG_WARN_RANGE_LOOP_ANALYSIS = YES;
				CLANG_WARN_STRICT_PROTOTYPES = YES;
				CLANG_WARN_SUSPICIOUS_MOVE = YES;
				CLANG_WARN_UNGUARDED_AVAILABILITY = YES_AGGRESSIVE;
				CLANG_WARN_UNREACHABLE_CODE = YES;
				CLANG_WARN__DUPLICATE_METHOD_MATCH = YES;
				COPY_PHASE_STRIP = NO;
				DEBUG_INFORMATION_FORMAT = "dwarf-with-dsym";
				ENABLE_NS_ASSERTIONS = NO;
				ENABLE_STRICT_OBJC_MSGSEND = YES;
				GCC_C_LANGUAGE_STANDARD = gnu11;
				GCC_NO_COMMON_BLOCKS = YES;
				GCC_WARN_64_TO_32_BIT_CONVERSION = YES;
				GCC_WARN_ABOUT_RETURN_TYPE = YES_ERROR;
				GCC_WARN_UNDECLARED_SELECTOR = YES;
				GCC_WARN_UNINITIALIZED_AUTOS = YES_AGGRESSIVE;
				GCC_WARN_UNUSED_FUNCTION = YES;
				GCC_WARN_UNUSED_VARIABLE = YES;
				IPHONEOS_DEPLOYMENT_TARGET = 13.4;
				MTL_ENABLE_DEBUG_INFO = NO;
				MTL_FAST_MATH = YES;
				SDKROOT = iphoneos;
				SWIFT_COMPILATION_MODE = wholemodule;
				SWIFT_OPTIMIZATION_LEVEL = "-O";
				VALIDATE_PRODUCT = YES;
			};
			name = Release;
		};
		7FEF8A7A24675E9E000240A0 /* Debug */ = {
			isa = XCBuildConfiguration;
			buildSettings = {
				ASSETCATALOG_COMPILER_APPICON_NAME = AppIcon;
				CODE_SIGN_STYLE = Automatic;
				DEVELOPMENT_TEAM = ER5DW7LZQ6;
				INFOPLIST_FILE = Snookr/Info.plist;
				LD_RUNPATH_SEARCH_PATHS = (
					"$(inherited)",
					"@executable_path/Frameworks",
				);
				PRODUCT_BUNDLE_IDENTIFIER = design.yinan.Snookr;
				PRODUCT_NAME = "$(TARGET_NAME)";
				SWIFT_VERSION = 5.0;
				TARGETED_DEVICE_FAMILY = 1;
			};
			name = Debug;
		};
		7FEF8A7B24675E9E000240A0 /* Release */ = {
			isa = XCBuildConfiguration;
			buildSettings = {
				ASSETCATALOG_COMPILER_APPICON_NAME = AppIcon;
				CODE_SIGN_STYLE = Automatic;
				DEVELOPMENT_TEAM = ER5DW7LZQ6;
				INFOPLIST_FILE = Snookr/Info.plist;
				LD_RUNPATH_SEARCH_PATHS = (
					"$(inherited)",
					"@executable_path/Frameworks",
				);
				PRODUCT_BUNDLE_IDENTIFIER = design.yinan.Snookr;
				PRODUCT_NAME = "$(TARGET_NAME)";
				SWIFT_VERSION = 5.0;
				TARGETED_DEVICE_FAMILY = 1;
			};
			name = Release;
		};
/* End XCBuildConfiguration section */

/* Begin XCConfigurationList section */
		7FEF8A6024675E9E000240A0 /* Build configuration list for PBXProject "Snookr" */ = {
			isa = XCConfigurationList;
			buildConfigurations = (
				7FEF8A7724675E9E000240A0 /* Debug */,
				7FEF8A7824675E9E000240A0 /* Release */,
			);
			defaultConfigurationIsVisible = 0;
			defaultConfigurationName = Release;
		};
		7FEF8A7924675E9E000240A0 /* Build configuration list for PBXNativeTarget "Snookr" */ = {
			isa = XCConfigurationList;
			buildConfigurations = (
				7FEF8A7A24675E9E000240A0 /* Debug */,
				7FEF8A7B24675E9E000240A0 /* Release */,
			);
			defaultConfigurationIsVisible = 0;
			defaultConfigurationName = Release;
		};
/* End XCConfigurationList section */
	};
	rootObject = 7FEF8A5D24675E9E000240A0 /* Project object */;
}
